// !$*UTF8*$!
{
	archiveVersion = 1;
	classes = {
	};
	objectVersion = 52;
	objects = {

/* Begin PBXBuildFile section */
		0207DA581B56EA530066E2B4 /* Images.xcassets in Resources */ = {isa = PBXBuildFile; fileRef = 0207DA571B56EA530066E2B4 /* Images.xcassets */; };
		1D3623260D0F684500981E51 /* AppDelegate.m in Sources */ = {isa = PBXBuildFile; fileRef = 1D3623250D0F684500981E51 /* AppDelegate.m */; };
		1D60589B0D05DD56006BFB54 /* main.m in Sources */ = {isa = PBXBuildFile; fileRef = 29B97316FDCFA39411CA2CEA /* main.m */; };
		301BF552109A68D80062928A /* libCordova.a in Frameworks */ = {isa = PBXBuildFile; fileRef = 301BF535109A57CC0062928A /* libCordova.a */; settings = {ATTRIBUTES = (Required, ); }; };
		302D95F114D2391D003F00A1 /* MainViewController.m in Sources */ = {isa = PBXBuildFile; fileRef = 302D95EF14D2391D003F00A1 /* MainViewController.m */; };
		302D95F214D2391D003F00A1 /* MainViewController.xib in Resources */ = {isa = PBXBuildFile; fileRef = 302D95F014D2391D003F00A1 /* MainViewController.xib */; };
		6AFF5BF91D6E424B00AB3073 /* CDVLaunchScreen.storyboard in Resources */ = {isa = PBXBuildFile; fileRef = 6AFF5BF81D6E424B00AB3073 /* CDVLaunchScreen.storyboard */; };
		BA86573B14E0423AB043C3FD /* GoogleService-Info.plist in Resources */ = {isa = PBXBuildFile; fileRef = 867ECE65EFE24C83A0EB72EA /* GoogleService-Info.plist */; };
		05356E8BEA63432A8C75CBC6 /* CDVClipboard.m in Sources */ = {isa = PBXBuildFile; fileRef = 198CBC8F44F140C29EC282AF /* CDVClipboard.m */; };
		45BB3253644A4F8EAEDFEA88 /* CDVFile.m in Sources */ = {isa = PBXBuildFile; fileRef = A974B8FDA34E4FFFB46DC6A0 /* CDVFile.m */; };
		99B99BEC85B74C918017D3FE /* CDVLocalFilesystem.m in Sources */ = {isa = PBXBuildFile; fileRef = CD53DE27B3EC4968B0E19A91 /* CDVLocalFilesystem.m */; };
		50297A986EC84293A6624BCB /* CDVAssetLibraryFilesystem.m in Sources */ = {isa = PBXBuildFile; fileRef = BACDE89DCD4B4BBC85F45522 /* CDVAssetLibraryFilesystem.m */; };
		BC4EBC5BB6AE4B77A0AACDAE /* CordovaHttpPlugin.m in Sources */ = {isa = PBXBuildFile; fileRef = 340263F5218B499591F882E3 /* CordovaHttpPlugin.m */; };
		A3A3F856503E49B3A5163736 /* BinaryRequestSerializer.m in Sources */ = {isa = PBXBuildFile; fileRef = 56DCE41ABE974DAAB93129A4 /* BinaryRequestSerializer.m */; };
		821FDD93E90546589F7C7BB1 /* BinaryResponseSerializer.m in Sources */ = {isa = PBXBuildFile; fileRef = 9801D81DDD43467896714847 /* BinaryResponseSerializer.m */; };
		B71620D5D18E481BAE2AB267 /* TextResponseSerializer.m in Sources */ = {isa = PBXBuildFile; fileRef = EB1221F822D44EC38EB93C54 /* TextResponseSerializer.m */; };
		9CAEA32064C643EFBD6331A5 /* TextRequestSerializer.m in Sources */ = {isa = PBXBuildFile; fileRef = 171B2798FB4640A7B513D15D /* TextRequestSerializer.m */; };
		EA827F84293445F0BA66111B /* AFHTTPSessionManager.m in Sources */ = {isa = PBXBuildFile; fileRef = B6F54C3927884EA5B68AC89D /* AFHTTPSessionManager.m */; };
		8A46206D1E1F481FAEDF5CAE /* AFNetworkReachabilityManager.m in Sources */ = {isa = PBXBuildFile; fileRef = 590FC3CC2CBD41C0B4BBD8DB /* AFNetworkReachabilityManager.m */; };
		8D0D1B94A9B647DB9F1D8058 /* AFSecurityPolicy.m in Sources */ = {isa = PBXBuildFile; fileRef = 1FA955220F524AB1A9F540EC /* AFSecurityPolicy.m */; };
		27553F6EE75E449CA8B2A4D1 /* AFURLRequestSerialization.m in Sources */ = {isa = PBXBuildFile; fileRef = 9A5B6CA389B34BB78E9E98FD /* AFURLRequestSerialization.m */; };
		72B3134DCA584AB8B8FC4362 /* AFURLResponseSerialization.m in Sources */ = {isa = PBXBuildFile; fileRef = 275EB7D5AF154475B89F9BBF /* AFURLResponseSerialization.m */; };
		9614778D8AEA41A19E0BBCA8 /* AFURLSessionManager.m in Sources */ = {isa = PBXBuildFile; fileRef = 3119AF82BDD844EBAE1465CC /* AFURLSessionManager.m */; };
		A7FA95F434564EA29040D6FD /* SDNetworkActivityIndicator.m in Sources */ = {isa = PBXBuildFile; fileRef = 5856F8E7CA2F4140A05924BD /* SDNetworkActivityIndicator.m */; };
		F14D6B2D25F3443FB94C7BA7 /* Security.framework in Frameworks */ = {isa = PBXBuildFile; fileRef = CABD435E55014D669AA3217B /* Security.framework */; };
		E28AC1BAAA72478F9B11B7CF /* SystemConfiguration.framework in Frameworks */ = {isa = PBXBuildFile; fileRef = 23A946E58FEF4FD68AB4C065 /* SystemConfiguration.framework */; };
		3AC4131D94514A69AAA749C6 /* APPBadge.m in Sources */ = {isa = PBXBuildFile; fileRef = CAE8E5DBCDEA4E02B28B503E /* APPBadge.m */; };
		C7786B4DCCF645C49BF61C29 /* UIImage+CropScaleOrientation.m in Sources */ = {isa = PBXBuildFile; fileRef = 01FB8B3AD3184927B19DA19A /* UIImage+CropScaleOrientation.m */; };
		BFD4C9F8DBA64BACACA480D6 /* CDVCamera.m in Sources */ = {isa = PBXBuildFile; fileRef = 134B556D9B1146EDBC35839D /* CDVCamera.m */; };
		AF78603275A14959BEB1398B /* CDVJpegHeaderWriter.m in Sources */ = {isa = PBXBuildFile; fileRef = 0AC9E5E2E7E7418982BE95A5 /* CDVJpegHeaderWriter.m */; };
		0080B19850DC49FA8F394106 /* ImageIO.framework in Frameworks */ = {isa = PBXBuildFile; fileRef = ED87B3B5DA5F4FB9B0282CAF /* ImageIO.framework */; settings = {ATTRIBUTES = (Weak, ); }; };
		E951411E86EF4EAFBA500551 /* CoreLocation.framework in Frameworks */ = {isa = PBXBuildFile; fileRef = 0B6F342D4ED44E8DA719317D /* CoreLocation.framework */; };
		C5E9E51C858040A486B1E191 /* AVFoundation.framework in Frameworks */ = {isa = PBXBuildFile; fileRef = 0C171D0297CB40FF98265509 /* AVFoundation.framework */; };
		1D908C89999C4C4AA8CED9C6 /* Chooser.swift in Sources */ = {isa = PBXBuildFile; fileRef = 567AA31B30994A7395881EF5 /* Chooser.swift */; };
		12FB59FB3D404A8887F8F179 /* CDVDevice.m in Sources */ = {isa = PBXBuildFile; fileRef = 8394F640FD7C4701A9076617 /* CDVDevice.m */; };
		9CF7BC9D295E406D9839D43B /* FileOpener2.m in Sources */ = {isa = PBXBuildFile; fileRef = 283A49920D124A0DB81EC2B7 /* FileOpener2.m */; };
		FE9C2CC8F0CB47C58050E8A2 /* CDVLocation.m in Sources */ = {isa = PBXBuildFile; fileRef = 21D4B97630EC4758A9BE0AEC /* CDVLocation.m */; };
		2CBC82D18C3E42C8A3A64E5C /* CDVGlobalization.m in Sources */ = {isa = PBXBuildFile; fileRef = C18306B5E7FB42128D3941C5 /* CDVGlobalization.m */; };
		6A326128032E42EDA0F6E89D /* CDVWKWebViewEngine.m in Sources */ = {isa = PBXBuildFile; fileRef = B948379AE810440782E08AEC /* CDVWKWebViewEngine.m */; };
		FE2AD6F49B8342F791F4ECC7 /* CDVWKWebViewUIDelegate.m in Sources */ = {isa = PBXBuildFile; fileRef = 77E8E3BC4E53465A8A6303E0 /* CDVWKWebViewUIDelegate.m */; };
		7B4689FD052B47578E94FEE6 /* CDVWKProcessPoolFactory.m in Sources */ = {isa = PBXBuildFile; fileRef = 25B6468C92374780B38219B5 /* CDVWKProcessPoolFactory.m */; };
		3DBC6B670B774FD7AADB273C /* IONAssetHandler.m in Sources */ = {isa = PBXBuildFile; fileRef = 7E206F86FF884F428790A13E /* IONAssetHandler.m */; };
		19DCEAD4EB3E4A18A032F8B3 /* WebKit.framework in Frameworks */ = {isa = PBXBuildFile; fileRef = D55F0BA2D8B74EDE90F55790 /* WebKit.framework */; settings = {ATTRIBUTES = (Weak, ); }; };
		26BFAEF02FDA4926979334BF /* CDVSound.m in Sources */ = {isa = PBXBuildFile; fileRef = 24286BA1EA5D478187D50CCE /* CDVSound.m */; };
		C74598C89B6F431393762208 /* CDVConnection.m in Sources */ = {isa = PBXBuildFile; fileRef = D5DA9120C2D84CE78271B167 /* CDVConnection.m */; };
		DD55EF6016164EEB9C6803DC /* CDVReachability.m in Sources */ = {isa = PBXBuildFile; fileRef = ECF1772BECA44A2899EDAD50 /* CDVReachability.m */; };
		B0B45E48A80A4379A2D9822E /* CoreTelephony.framework in Frameworks */ = {isa = PBXBuildFile; fileRef = 90C977930D294EE0A7C9E4D4 /* CoreTelephony.framework */; };
		B1896574EB5545B19C5854B0 /* CDVStatusBar.m in Sources */ = {isa = PBXBuildFile; fileRef = B14B530F4EFF4732BB072F3A /* CDVStatusBar.m */; };
		E3174FD334D546AFA87303E7 /* ZipPlugin.m in Sources */ = {isa = PBXBuildFile; fileRef = BA2D92CF4D98496993C36A52 /* ZipPlugin.m */; };
		77032320BD0E4EA2B591144F /* aescrypt.c in Resources */ = {isa = PBXBuildFile; fileRef = DE037D66EE8949D2AE9404C9 /* aescrypt.c */; };
		6A9303003F2B43048934098F /* aeskey.c in Resources */ = {isa = PBXBuildFile; fileRef = 7CC7031585C0425C88B932E3 /* aeskey.c */; };
		190555A79B1E4DEA915EFEB8 /* aestab.c in Resources */ = {isa = PBXBuildFile; fileRef = BCDBA871027C412DBFFA5F73 /* aestab.c */; };
		200FD3F1CACF4D5B92103C3F /* entropy.c in Resources */ = {isa = PBXBuildFile; fileRef = 9D7A1AB7E46C48278F84F682 /* entropy.c */; };
		8C669DD3F0414986A1ECEBA2 /* fileenc.c in Resources */ = {isa = PBXBuildFile; fileRef = ABB1538DF8434916AB191489 /* fileenc.c */; };
		35904A8C4ABA4533BC022340 /* hmac.c in Resources */ = {isa = PBXBuildFile; fileRef = B660670E821F4516A1699F11 /* hmac.c */; };
		8199076A7A734144B3240027 /* prng.c in Resources */ = {isa = PBXBuildFile; fileRef = 617BCC40A62A40A48D166F07 /* prng.c */; };
		CFE383B536CB47B5BD208409 /* pwd2key.c in Resources */ = {isa = PBXBuildFile; fileRef = C030300281684187B1C2AF1B /* pwd2key.c */; };
		DEEEDA36F35B4F13A52CF734 /* sha1.c in Resources */ = {isa = PBXBuildFile; fileRef = 4942DBAFF73D43EB8932EB67 /* sha1.c */; };
		5F3D92108C0E47A8B6369570 /* SSZipArchive.m in Sources */ = {isa = PBXBuildFile; fileRef = E0046CCE8B4E4E6DA064E5B4 /* SSZipArchive.m */; };
		2813EFD72AA1404EB49E9956 /* zip.c in Resources */ = {isa = PBXBuildFile; fileRef = 6FB9BF078B4E4A21B2780A9D /* zip.c */; };
		0A02DD8A67A04DA79C220501 /* unzip.c in Resources */ = {isa = PBXBuildFile; fileRef = C7DDEEACAAF649A493490325 /* unzip.c */; };
		ED34DA6C3D794C46BB4CEF2B /* mztools.c in Resources */ = {isa = PBXBuildFile; fileRef = C5A68E383F5247629002BC6F /* mztools.c */; };
		A9F5BCAE88E2401183CAF8B4 /* ioapi.c in Resources */ = {isa = PBXBuildFile; fileRef = 4A02DC7ECE534717B40E626B /* ioapi.c */; };
		87DEF8EC56DA483CB51F91D2 /* libz.dylib in Frameworks */ = {isa = PBXBuildFile; fileRef = C8E916176E844EFCB57384AE /* libz.dylib */; };
		FAA047E3CEA4445BA07F51E4 /* SQLitePlugin.m in Sources */ = {isa = PBXBuildFile; fileRef = 4DBE344DB8D94151A6894260 /* SQLitePlugin.m */; };
		FE30D8B074704695B772C692 /* CustomPSPDFThreadSafeMutableDictionary.m in Sources */ = {isa = PBXBuildFile; fileRef = 063FEE579BD642438D15920C /* CustomPSPDFThreadSafeMutableDictionary.m */; settings = {COMPILER_FLAGS = "-w"; }; };
		AD544DD9864248B7A59CFF65 /* sqlite3.c in Resources */ = {isa = PBXBuildFile; fileRef = 7D578424D27C4374AF4D9DC8 /* sqlite3.c */; settings = {COMPILER_FLAGS = "-w -DSQLITE_THREADSAFE=1 -DSQLITE_DEFAULT_SYNCHRONOUS=3 -DSQLITE_DEFAULT_MEMSTATUS=0 -DSQLITE_OMIT_DECLTYPE -DSQLITE_OMIT_DEPRECATED -DSQLITE_OMIT_PROGRESS_CALLBACK -DSQLITE_OMIT_SHARED_CACHE -DSQLITE_TEMP_STORE=2 -DSQLITE_OMIT_LOAD_EXTENSION -DSQLITE_ENABLE_FTS3 -DSQLITE_ENABLE_FTS3_PARENTHESIS -DSQLITE_ENABLE_FTS4 -DSQLITE_ENABLE_RTREE -DSQLITE_DEFAULT_PAGE_SIZE=4096"; }; };
		CB295CFFC84E47FFBDB48F0E /* Diagnostic.m in Sources */ = {isa = PBXBuildFile; fileRef = 6881567B55B443B8BE13C4EB /* Diagnostic.m */; };
		BF7687DADAF84A15A2A3860E /* Diagnostic_Location.m in Sources */ = {isa = PBXBuildFile; fileRef = FCB60CFA9339434DAFC82F8A /* Diagnostic_Location.m */; };
		767A7639B1DE45AA9626BBF1 /* Diagnostic_Bluetooth.m in Sources */ = {isa = PBXBuildFile; fileRef = 7E5AE119B53542B18C8C1070 /* Diagnostic_Bluetooth.m */; };
		4CFE47679E8C4ED88000BA42 /* Diagnostic_Wifi.m in Sources */ = {isa = PBXBuildFile; fileRef = 80F34B8D2A0F453A81D541C5 /* Diagnostic_Wifi.m */; };
		7B47CDD84D0B4B0BA5F6410B /* Diagnostic_Camera.m in Sources */ = {isa = PBXBuildFile; fileRef = EDB2D91FE6204D25A1590F39 /* Diagnostic_Camera.m */; };
		48AF4ABE24DC4F7393CECE9C /* Diagnostic_Notifications.m in Sources */ = {isa = PBXBuildFile; fileRef = F97D0EC55A1044A2BDCFC42B /* Diagnostic_Notifications.m */; };
		050D5BAA4EED44A68BE29F73 /* Diagnostic_Microphone.m in Sources */ = {isa = PBXBuildFile; fileRef = 67301D6C7F6C4AA9894B828F /* Diagnostic_Microphone.m */; };
		C88A92C22F334F1488AB8333 /* Diagnostic_Contacts.m in Sources */ = {isa = PBXBuildFile; fileRef = D0ACABBCC19F463C8A8C5734 /* Diagnostic_Contacts.m */; };
		868704168C3849688E696AA2 /* Diagnostic_Calendar.m in Sources */ = {isa = PBXBuildFile; fileRef = 8B5CBC17E1F148FDB578F6DA /* Diagnostic_Calendar.m */; };
		76596C9B7C1949B79D87E7AA /* Diagnostic_Reminders.m in Sources */ = {isa = PBXBuildFile; fileRef = EC8D8744E912482FBCDD548C /* Diagnostic_Reminders.m */; };
		5F5EA3A2A1014B678933916F /* Diagnostic_Motion.m in Sources */ = {isa = PBXBuildFile; fileRef = 3E658217D4FF4398B51A9680 /* Diagnostic_Motion.m */; };
		136A70B757EA448DA6BCFBDD /* CoreBluetooth.framework in Frameworks */ = {isa = PBXBuildFile; fileRef = EFE569C7F83B4C7AB1FA864F /* CoreBluetooth.framework */; };
		41478BBA34AC4CF58DE9957A /* Photos.framework in Frameworks */ = {isa = PBXBuildFile; fileRef = EFB63C7B625C4A33B031EE43 /* Photos.framework */; };
		A32A2EACB99D41679322A75C /* UserNotifications.framework in Frameworks */ = {isa = PBXBuildFile; fileRef = F97296A37B6E418C881DDA3D /* UserNotifications.framework */; };
		C9C4302BF4184C4798960359 /* Contacts.framework in Frameworks */ = {isa = PBXBuildFile; fileRef = 79EF780D2EB841A084DF8B62 /* Contacts.framework */; };
		4F807D063A9A4B908F47F59E /* AddressBook.framework in Frameworks */ = {isa = PBXBuildFile; fileRef = 471827B1842D48058918E73F /* AddressBook.framework */; };
		3C641E5666374641B2A3473A /* EventKit.framework in Frameworks */ = {isa = PBXBuildFile; fileRef = 1AC22EB0F9814B429836FD50 /* EventKit.framework */; };
		548E042B8DB24381BB608E1D /* CoreMotion.framework in Frameworks */ = {isa = PBXBuildFile; fileRef = 8F9B75FDBDF94FC3967EE792 /* CoreMotion.framework */; };
		01A14C3F7AF84172BAD9CC7D /* BackgroundAudio.m in Sources */ = {isa = PBXBuildFile; fileRef = 7DC9378836314C4DA3A88C28 /* BackgroundAudio.m */; };
/* End PBXBuildFile section */

/* Begin PBXContainerItemProxy section */
		301BF534109A57CC0062928A /* PBXContainerItemProxy */ = {
			isa = PBXContainerItemProxy;
			containerPortal = 301BF52D109A57CC0062928A /* CordovaLib/CordovaLib.xcodeproj */;
			proxyType = 2;
			remoteGlobalIDString = D2AAC07E0554694100DB518D;
			remoteInfo = CordovaLib;
		};
		301BF550109A68C00062928A /* PBXContainerItemProxy */ = {
			isa = PBXContainerItemProxy;
			containerPortal = 301BF52D109A57CC0062928A /* CordovaLib/CordovaLib.xcodeproj */;
			proxyType = 1;
			remoteGlobalIDString = D2AAC07D0554694100DB518D;
			remoteInfo = CordovaLib;
		};
		907D8123214C687600058A10 /* PBXContainerItemProxy */ = {
			isa = PBXContainerItemProxy;
			containerPortal = 301BF52D109A57CC0062928A /* CordovaLib/CordovaLib.xcodeproj */;
			proxyType = 2;
			remoteGlobalIDString = C0C01EB21E3911D50056E6CB;
			remoteInfo = Cordova;
		};
/* End PBXContainerItemProxy section */

/* Begin PBXFileReference section */
		0207DA571B56EA530066E2B4 /* Images.xcassets */ = {isa = PBXFileReference; lastKnownFileType = folder.assetcatalog; name = Images.xcassets; path = "Moodle/Images.xcassets"; sourceTree = SOURCE_ROOT; };
		1D3623240D0F684500981E51 /* AppDelegate.h */ = {isa = PBXFileReference; fileEncoding = 4; lastKnownFileType = sourcecode.c.h; path = AppDelegate.h; sourceTree = "<group>"; };
		1D3623250D0F684500981E51 /* AppDelegate.m */ = {isa = PBXFileReference; fileEncoding = 4; lastKnownFileType = sourcecode.c.objc; path = AppDelegate.m; sourceTree = "<group>"; };
		1D6058910D05DD3D006BFB54 /* Moodle.app */ = {isa = PBXFileReference; explicitFileType = wrapper.application; includeInIndex = 0; path = "Moodle.app"; sourceTree = BUILT_PRODUCTS_DIR; };
		29B97316FDCFA39411CA2CEA /* main.m */ = {isa = PBXFileReference; fileEncoding = 4; lastKnownFileType = sourcecode.c.objc; path = main.m; sourceTree = "<group>"; };
		301BF52D109A57CC0062928A /* CordovaLib/CordovaLib.xcodeproj */ = {isa = PBXFileReference; lastKnownFileType = "wrapper.pb-project"; name = CordovaLib.xcodeproj; path = CordovaLib/CordovaLib.xcodeproj; sourceTree = "<group>"; };
		301BF56E109A69640062928A /* www */ = {isa = PBXFileReference; lastKnownFileType = folder; path = www; sourceTree = SOURCE_ROOT; };
		302D95EE14D2391D003F00A1 /* MainViewController.h */ = {isa = PBXFileReference; fileEncoding = 4; lastKnownFileType = sourcecode.c.h; path = MainViewController.h; sourceTree = "<group>"; };
		302D95EF14D2391D003F00A1 /* MainViewController.m */ = {isa = PBXFileReference; fileEncoding = 4; lastKnownFileType = sourcecode.c.objc; path = MainViewController.m; sourceTree = "<group>"; };
		302D95F014D2391D003F00A1 /* MainViewController.xib */ = {isa = PBXFileReference; fileEncoding = 4; lastKnownFileType = file.xib; path = MainViewController.xib; sourceTree = "<group>"; };
		3047A50F1AB8059700498E2A /* build-debug.xcconfig */ = {isa = PBXFileReference; fileEncoding = 4; lastKnownFileType = text.xcconfig; name = "build-debug.xcconfig"; path = "cordova/build-debug.xcconfig"; sourceTree = SOURCE_ROOT; };
		3047A5101AB8059700498E2A /* build-release.xcconfig */ = {isa = PBXFileReference; fileEncoding = 4; lastKnownFileType = text.xcconfig; name = "build-release.xcconfig"; path = "cordova/build-release.xcconfig"; sourceTree = SOURCE_ROOT; };
		3047A5111AB8059700498E2A /* build.xcconfig */ = {isa = PBXFileReference; fileEncoding = 4; lastKnownFileType = text.xcconfig; name = build.xcconfig; path = cordova/build.xcconfig; sourceTree = SOURCE_ROOT; };
		32CA4F630368D1EE00C91783 /* Moodle-Prefix.pch */ = {isa = PBXFileReference; fileEncoding = 4; lastKnownFileType = sourcecode.c.h; path = "Moodle-Prefix.pch"; sourceTree = "<group>"; };
		6AFF5BF81D6E424B00AB3073 /* CDVLaunchScreen.storyboard */ = {isa = PBXFileReference; fileEncoding = 4; lastKnownFileType = file.storyboard; name = CDVLaunchScreen.storyboard; path = "Moodle/CDVLaunchScreen.storyboard"; sourceTree = SOURCE_ROOT; };
		8D1107310486CEB800E47090 /* Moodle-Info.plist */ = {isa = PBXFileReference; fileEncoding = 4; lastKnownFileType = text.plist.xml; name = "Moodle-Info.plist"; path = "Moodle/Moodle-Info.plist"; plistStructureDefinitionIdentifier = "com.apple.xcode.plist.structure-definition.iphone.info-plist"; sourceTree = SOURCE_ROOT; };
		EB87FDF31871DA8E0020F90C /* www */ = {isa = PBXFileReference; lastKnownFileType = folder; name = www; path = ../../www; sourceTree = "<group>"; };
		EB87FDF41871DAF40020F90C /* config.xml */ = {isa = PBXFileReference; lastKnownFileType = text.xml; name = config.xml; path = ../../config.xml; sourceTree = "<group>"; };
		ED33DF2A687741AEAF9F8254 /* Bridging-Header.h */ = {isa = PBXFileReference; fileEncoding = 4; lastKnownFileType = sourcecode.c.h; path = "Bridging-Header.h"; sourceTree = "<group>"; };
		F840E1F0165FE0F500CFE078 /* config.xml */ = {isa = PBXFileReference; lastKnownFileType = text.xml; name = config.xml; path = "Moodle/config.xml"; sourceTree = "<group>"; };
		867ECE65EFE24C83A0EB72EA /* GoogleService-Info.plist */ = {isa = PBXFileReference; name = "GoogleService-Info.plist"; path = "GoogleService-Info.plist"; sourceTree = "<group>"; fileEncoding = 4; lastKnownFileType = text.plist.xml; explicitFileType = undefined; includeInIndex = 0; };
		198CBC8F44F140C29EC282AF /* CDVClipboard.m */ = {isa = PBXFileReference; name = "CDVClipboard.m"; path = "cordova-clipboard/CDVClipboard.m"; sourceTree = "<group>"; fileEncoding = 4; lastKnownFileType = sourcecode.c.objc; explicitFileType = undefined; includeInIndex = 0; };
		261E76242FC6457089632B78 /* CDVClipboard.h */ = {isa = PBXFileReference; name = "CDVClipboard.h"; path = "cordova-clipboard/CDVClipboard.h"; sourceTree = "<group>"; fileEncoding = 4; lastKnownFileType = sourcecode.c.h; explicitFileType = undefined; includeInIndex = 0; };
		A974B8FDA34E4FFFB46DC6A0 /* CDVFile.m */ = {isa = PBXFileReference; name = "CDVFile.m"; path = "cordova-plugin-file/CDVFile.m"; sourceTree = "<group>"; fileEncoding = 4; lastKnownFileType = sourcecode.c.objc; explicitFileType = undefined; includeInIndex = 0; };
		CD53DE27B3EC4968B0E19A91 /* CDVLocalFilesystem.m */ = {isa = PBXFileReference; name = "CDVLocalFilesystem.m"; path = "cordova-plugin-file/CDVLocalFilesystem.m"; sourceTree = "<group>"; fileEncoding = 4; lastKnownFileType = sourcecode.c.objc; explicitFileType = undefined; includeInIndex = 0; };
		BACDE89DCD4B4BBC85F45522 /* CDVAssetLibraryFilesystem.m */ = {isa = PBXFileReference; name = "CDVAssetLibraryFilesystem.m"; path = "cordova-plugin-file/CDVAssetLibraryFilesystem.m"; sourceTree = "<group>"; fileEncoding = 4; lastKnownFileType = sourcecode.c.objc; explicitFileType = undefined; includeInIndex = 0; };
		ED35B1D0337A46618766B45B /* CDVFile.h */ = {isa = PBXFileReference; name = "CDVFile.h"; path = "cordova-plugin-file/CDVFile.h"; sourceTree = "<group>"; fileEncoding = 4; lastKnownFileType = sourcecode.c.h; explicitFileType = undefined; includeInIndex = 0; };
		96CAD83FB1A1464BB92DDDDE /* CDVLocalFilesystem.h */ = {isa = PBXFileReference; name = "CDVLocalFilesystem.h"; path = "cordova-plugin-file/CDVLocalFilesystem.h"; sourceTree = "<group>"; fileEncoding = 4; lastKnownFileType = sourcecode.c.h; explicitFileType = undefined; includeInIndex = 0; };
		4663CA59A255489E86F556EA /* CDVAssetLibraryFilesystem.h */ = {isa = PBXFileReference; name = "CDVAssetLibraryFilesystem.h"; path = "cordova-plugin-file/CDVAssetLibraryFilesystem.h"; sourceTree = "<group>"; fileEncoding = 4; lastKnownFileType = sourcecode.c.h; explicitFileType = undefined; includeInIndex = 0; };
		340263F5218B499591F882E3 /* CordovaHttpPlugin.m */ = {isa = PBXFileReference; name = "CordovaHttpPlugin.m"; path = "cordova-plugin-advanced-http/CordovaHttpPlugin.m"; sourceTree = "<group>"; fileEncoding = 4; lastKnownFileType = sourcecode.c.objc; explicitFileType = undefined; includeInIndex = 0; };
		56DCE41ABE974DAAB93129A4 /* BinaryRequestSerializer.m */ = {isa = PBXFileReference; name = "BinaryRequestSerializer.m"; path = "cordova-plugin-advanced-http/BinaryRequestSerializer.m"; sourceTree = "<group>"; fileEncoding = 4; lastKnownFileType = sourcecode.c.objc; explicitFileType = undefined; includeInIndex = 0; };
		9801D81DDD43467896714847 /* BinaryResponseSerializer.m */ = {isa = PBXFileReference; name = "BinaryResponseSerializer.m"; path = "cordova-plugin-advanced-http/BinaryResponseSerializer.m"; sourceTree = "<group>"; fileEncoding = 4; lastKnownFileType = sourcecode.c.objc; explicitFileType = undefined; includeInIndex = 0; };
		EB1221F822D44EC38EB93C54 /* TextResponseSerializer.m */ = {isa = PBXFileReference; name = "TextResponseSerializer.m"; path = "cordova-plugin-advanced-http/TextResponseSerializer.m"; sourceTree = "<group>"; fileEncoding = 4; lastKnownFileType = sourcecode.c.objc; explicitFileType = undefined; includeInIndex = 0; };
		171B2798FB4640A7B513D15D /* TextRequestSerializer.m */ = {isa = PBXFileReference; name = "TextRequestSerializer.m"; path = "cordova-plugin-advanced-http/TextRequestSerializer.m"; sourceTree = "<group>"; fileEncoding = 4; lastKnownFileType = sourcecode.c.objc; explicitFileType = undefined; includeInIndex = 0; };
		B6F54C3927884EA5B68AC89D /* AFHTTPSessionManager.m */ = {isa = PBXFileReference; name = "AFHTTPSessionManager.m"; path = "cordova-plugin-advanced-http/AFHTTPSessionManager.m"; sourceTree = "<group>"; fileEncoding = 4; lastKnownFileType = sourcecode.c.objc; explicitFileType = undefined; includeInIndex = 0; };
		590FC3CC2CBD41C0B4BBD8DB /* AFNetworkReachabilityManager.m */ = {isa = PBXFileReference; name = "AFNetworkReachabilityManager.m"; path = "cordova-plugin-advanced-http/AFNetworkReachabilityManager.m"; sourceTree = "<group>"; fileEncoding = 4; lastKnownFileType = sourcecode.c.objc; explicitFileType = undefined; includeInIndex = 0; };
		1FA955220F524AB1A9F540EC /* AFSecurityPolicy.m */ = {isa = PBXFileReference; name = "AFSecurityPolicy.m"; path = "cordova-plugin-advanced-http/AFSecurityPolicy.m"; sourceTree = "<group>"; fileEncoding = 4; lastKnownFileType = sourcecode.c.objc; explicitFileType = undefined; includeInIndex = 0; };
		9A5B6CA389B34BB78E9E98FD /* AFURLRequestSerialization.m */ = {isa = PBXFileReference; name = "AFURLRequestSerialization.m"; path = "cordova-plugin-advanced-http/AFURLRequestSerialization.m"; sourceTree = "<group>"; fileEncoding = 4; lastKnownFileType = sourcecode.c.objc; explicitFileType = undefined; includeInIndex = 0; };
		275EB7D5AF154475B89F9BBF /* AFURLResponseSerialization.m */ = {isa = PBXFileReference; name = "AFURLResponseSerialization.m"; path = "cordova-plugin-advanced-http/AFURLResponseSerialization.m"; sourceTree = "<group>"; fileEncoding = 4; lastKnownFileType = sourcecode.c.objc; explicitFileType = undefined; includeInIndex = 0; };
		3119AF82BDD844EBAE1465CC /* AFURLSessionManager.m */ = {isa = PBXFileReference; name = "AFURLSessionManager.m"; path = "cordova-plugin-advanced-http/AFURLSessionManager.m"; sourceTree = "<group>"; fileEncoding = 4; lastKnownFileType = sourcecode.c.objc; explicitFileType = undefined; includeInIndex = 0; };
		5856F8E7CA2F4140A05924BD /* SDNetworkActivityIndicator.m */ = {isa = PBXFileReference; name = "SDNetworkActivityIndicator.m"; path = "cordova-plugin-advanced-http/SDNetworkActivityIndicator.m"; sourceTree = "<group>"; fileEncoding = 4; lastKnownFileType = sourcecode.c.objc; explicitFileType = undefined; includeInIndex = 0; };
		390A8DAF133E49058BA74374 /* CordovaHttpPlugin.h */ = {isa = PBXFileReference; name = "CordovaHttpPlugin.h"; path = "cordova-plugin-advanced-http/CordovaHttpPlugin.h"; sourceTree = "<group>"; fileEncoding = 4; lastKnownFileType = sourcecode.c.h; explicitFileType = undefined; includeInIndex = 0; };
		64459EE2743E492A8AEAC34D /* BinaryRequestSerializer.h */ = {isa = PBXFileReference; name = "BinaryRequestSerializer.h"; path = "cordova-plugin-advanced-http/BinaryRequestSerializer.h"; sourceTree = "<group>"; fileEncoding = 4; lastKnownFileType = sourcecode.c.h; explicitFileType = undefined; includeInIndex = 0; };
		AC50091E143D4483964B9869 /* BinaryResponseSerializer.h */ = {isa = PBXFileReference; name = "BinaryResponseSerializer.h"; path = "cordova-plugin-advanced-http/BinaryResponseSerializer.h"; sourceTree = "<group>"; fileEncoding = 4; lastKnownFileType = sourcecode.c.h; explicitFileType = undefined; includeInIndex = 0; };
		3E3288B920A24FC4A845FDD6 /* TextResponseSerializer.h */ = {isa = PBXFileReference; name = "TextResponseSerializer.h"; path = "cordova-plugin-advanced-http/TextResponseSerializer.h"; sourceTree = "<group>"; fileEncoding = 4; lastKnownFileType = sourcecode.c.h; explicitFileType = undefined; includeInIndex = 0; };
		DA95DA8301BC4E56A82F7BBC /* TextRequestSerializer.h */ = {isa = PBXFileReference; name = "TextRequestSerializer.h"; path = "cordova-plugin-advanced-http/TextRequestSerializer.h"; sourceTree = "<group>"; fileEncoding = 4; lastKnownFileType = sourcecode.c.h; explicitFileType = undefined; includeInIndex = 0; };
		BB2A9AF342CA4EE28F47701E /* AFHTTPSessionManager.h */ = {isa = PBXFileReference; name = "AFHTTPSessionManager.h"; path = "cordova-plugin-advanced-http/AFHTTPSessionManager.h"; sourceTree = "<group>"; fileEncoding = 4; lastKnownFileType = sourcecode.c.h; explicitFileType = undefined; includeInIndex = 0; };
		A799AD05BB284033AA190E03 /* AFNetworking.h */ = {isa = PBXFileReference; name = "AFNetworking.h"; path = "cordova-plugin-advanced-http/AFNetworking.h"; sourceTree = "<group>"; fileEncoding = 4; lastKnownFileType = sourcecode.c.h; explicitFileType = undefined; includeInIndex = 0; };
		5984E93C998248B0B44D6E81 /* AFNetworkReachabilityManager.h */ = {isa = PBXFileReference; name = "AFNetworkReachabilityManager.h"; path = "cordova-plugin-advanced-http/AFNetworkReachabilityManager.h"; sourceTree = "<group>"; fileEncoding = 4; lastKnownFileType = sourcecode.c.h; explicitFileType = undefined; includeInIndex = 0; };
		7396B5A1056F476E82DCBC2E /* AFSecurityPolicy.h */ = {isa = PBXFileReference; name = "AFSecurityPolicy.h"; path = "cordova-plugin-advanced-http/AFSecurityPolicy.h"; sourceTree = "<group>"; fileEncoding = 4; lastKnownFileType = sourcecode.c.h; explicitFileType = undefined; includeInIndex = 0; };
		EFF98064EB0340D7A71D207D /* AFURLRequestSerialization.h */ = {isa = PBXFileReference; name = "AFURLRequestSerialization.h"; path = "cordova-plugin-advanced-http/AFURLRequestSerialization.h"; sourceTree = "<group>"; fileEncoding = 4; lastKnownFileType = sourcecode.c.h; explicitFileType = undefined; includeInIndex = 0; };
		FDACA710B7804FDD8F34ECEA /* AFURLResponseSerialization.h */ = {isa = PBXFileReference; name = "AFURLResponseSerialization.h"; path = "cordova-plugin-advanced-http/AFURLResponseSerialization.h"; sourceTree = "<group>"; fileEncoding = 4; lastKnownFileType = sourcecode.c.h; explicitFileType = undefined; includeInIndex = 0; };
		6CBDBB2AA23949BDA5D5F87D /* AFURLSessionManager.h */ = {isa = PBXFileReference; name = "AFURLSessionManager.h"; path = "cordova-plugin-advanced-http/AFURLSessionManager.h"; sourceTree = "<group>"; fileEncoding = 4; lastKnownFileType = sourcecode.c.h; explicitFileType = undefined; includeInIndex = 0; };
		53D21F5DCC9646B382B788E9 /* SDNetworkActivityIndicator.h */ = {isa = PBXFileReference; name = "SDNetworkActivityIndicator.h"; path = "cordova-plugin-advanced-http/SDNetworkActivityIndicator.h"; sourceTree = "<group>"; fileEncoding = 4; lastKnownFileType = sourcecode.c.h; explicitFileType = undefined; includeInIndex = 0; };
		CABD435E55014D669AA3217B /* Security.framework */ = {isa = PBXFileReference; name = "Security.framework"; path = "System/Library/Frameworks/Security.framework"; sourceTree = SDKROOT; fileEncoding = undefined; lastKnownFileType = wrapper.framework; explicitFileType = undefined; includeInIndex = 0; };
		23A946E58FEF4FD68AB4C065 /* SystemConfiguration.framework */ = {isa = PBXFileReference; name = "SystemConfiguration.framework"; path = "System/Library/Frameworks/SystemConfiguration.framework"; sourceTree = SDKROOT; fileEncoding = undefined; lastKnownFileType = wrapper.framework; explicitFileType = undefined; includeInIndex = 0; };
		CAE8E5DBCDEA4E02B28B503E /* APPBadge.m */ = {isa = PBXFileReference; name = "APPBadge.m"; path = "cordova-plugin-badge/APPBadge.m"; sourceTree = "<group>"; fileEncoding = 4; lastKnownFileType = sourcecode.c.objc; explicitFileType = undefined; includeInIndex = 0; };
		D881E9539A644CB2A1F63D75 /* APPBadge.h */ = {isa = PBXFileReference; name = "APPBadge.h"; path = "cordova-plugin-badge/APPBadge.h"; sourceTree = "<group>"; fileEncoding = 4; lastKnownFileType = sourcecode.c.h; explicitFileType = undefined; includeInIndex = 0; };
		01FB8B3AD3184927B19DA19A /* UIImage+CropScaleOrientation.m */ = {isa = PBXFileReference; name = "UIImage+CropScaleOrientation.m"; path = "cordova-plugin-camera/UIImage+CropScaleOrientation.m"; sourceTree = "<group>"; fileEncoding = 4; lastKnownFileType = sourcecode.c.objc; explicitFileType = undefined; includeInIndex = 0; };
		134B556D9B1146EDBC35839D /* CDVCamera.m */ = {isa = PBXFileReference; name = "CDVCamera.m"; path = "cordova-plugin-camera/CDVCamera.m"; sourceTree = "<group>"; fileEncoding = 4; lastKnownFileType = sourcecode.c.objc; explicitFileType = undefined; includeInIndex = 0; };
		0AC9E5E2E7E7418982BE95A5 /* CDVJpegHeaderWriter.m */ = {isa = PBXFileReference; name = "CDVJpegHeaderWriter.m"; path = "cordova-plugin-camera/CDVJpegHeaderWriter.m"; sourceTree = "<group>"; fileEncoding = 4; lastKnownFileType = sourcecode.c.objc; explicitFileType = undefined; includeInIndex = 0; };
		3CF4082802B943D6978A63C7 /* UIImage+CropScaleOrientation.h */ = {isa = PBXFileReference; name = "UIImage+CropScaleOrientation.h"; path = "cordova-plugin-camera/UIImage+CropScaleOrientation.h"; sourceTree = "<group>"; fileEncoding = 4; lastKnownFileType = sourcecode.c.h; explicitFileType = undefined; includeInIndex = 0; };
		EEF99B4EB0B2431A85C0DD61 /* CDVCamera.h */ = {isa = PBXFileReference; name = "CDVCamera.h"; path = "cordova-plugin-camera/CDVCamera.h"; sourceTree = "<group>"; fileEncoding = 4; lastKnownFileType = sourcecode.c.h; explicitFileType = undefined; includeInIndex = 0; };
		7E6083668867480E9EFAE2C4 /* CDVJpegHeaderWriter.h */ = {isa = PBXFileReference; name = "CDVJpegHeaderWriter.h"; path = "cordova-plugin-camera/CDVJpegHeaderWriter.h"; sourceTree = "<group>"; fileEncoding = 4; lastKnownFileType = sourcecode.c.h; explicitFileType = undefined; includeInIndex = 0; };
		2472761100004B29BE9C4B4A /* CDVExif.h */ = {isa = PBXFileReference; name = "CDVExif.h"; path = "cordova-plugin-camera/CDVExif.h"; sourceTree = "<group>"; fileEncoding = 4; lastKnownFileType = sourcecode.c.h; explicitFileType = undefined; includeInIndex = 0; };
		ED87B3B5DA5F4FB9B0282CAF /* ImageIO.framework */ = {isa = PBXFileReference; name = "ImageIO.framework"; path = "System/Library/Frameworks/ImageIO.framework"; sourceTree = SDKROOT; fileEncoding = undefined; lastKnownFileType = wrapper.framework; explicitFileType = undefined; includeInIndex = 0; };
		0B6F342D4ED44E8DA719317D /* CoreLocation.framework */ = {isa = PBXFileReference; name = "CoreLocation.framework"; path = "System/Library/Frameworks/CoreLocation.framework"; sourceTree = SDKROOT; fileEncoding = undefined; lastKnownFileType = wrapper.framework; explicitFileType = undefined; includeInIndex = 0; };
		0C171D0297CB40FF98265509 /* AVFoundation.framework */ = {isa = PBXFileReference; name = "AVFoundation.framework"; path = "System/Library/Frameworks/AVFoundation.framework"; sourceTree = SDKROOT; fileEncoding = undefined; lastKnownFileType = wrapper.framework; explicitFileType = undefined; includeInIndex = 0; };
		567AA31B30994A7395881EF5 /* Chooser.swift */ = {isa = PBXFileReference; name = "Chooser.swift"; path = "cordova-plugin-chooser/Chooser.swift"; sourceTree = "<group>"; fileEncoding = 4; lastKnownFileType = sourcecode.swift; explicitFileType = undefined; includeInIndex = 0; };
		8394F640FD7C4701A9076617 /* CDVDevice.m */ = {isa = PBXFileReference; name = "CDVDevice.m"; path = "cordova-plugin-device/CDVDevice.m"; sourceTree = "<group>"; fileEncoding = 4; lastKnownFileType = sourcecode.c.objc; explicitFileType = undefined; includeInIndex = 0; };
		59E14E21555E4B83A26CB8CF /* CDVDevice.h */ = {isa = PBXFileReference; name = "CDVDevice.h"; path = "cordova-plugin-device/CDVDevice.h"; sourceTree = "<group>"; fileEncoding = 4; lastKnownFileType = sourcecode.c.h; explicitFileType = undefined; includeInIndex = 0; };
		283A49920D124A0DB81EC2B7 /* FileOpener2.m */ = {isa = PBXFileReference; name = "FileOpener2.m"; path = "cordova-plugin-file-opener2/FileOpener2.m"; sourceTree = "<group>"; fileEncoding = 4; lastKnownFileType = sourcecode.c.objc; explicitFileType = undefined; includeInIndex = 0; };
		736DEF6603DA4E6EB9108236 /* FileOpener2.h */ = {isa = PBXFileReference; name = "FileOpener2.h"; path = "cordova-plugin-file-opener2/FileOpener2.h"; sourceTree = "<group>"; fileEncoding = 4; lastKnownFileType = sourcecode.c.h; explicitFileType = undefined; includeInIndex = 0; };
		21D4B97630EC4758A9BE0AEC /* CDVLocation.m */ = {isa = PBXFileReference; name = "CDVLocation.m"; path = "cordova-plugin-geolocation/CDVLocation.m"; sourceTree = "<group>"; fileEncoding = 4; lastKnownFileType = sourcecode.c.objc; explicitFileType = undefined; includeInIndex = 0; };
		8D13B49826AD4410BCED889A /* CDVLocation.h */ = {isa = PBXFileReference; name = "CDVLocation.h"; path = "cordova-plugin-geolocation/CDVLocation.h"; sourceTree = "<group>"; fileEncoding = 4; lastKnownFileType = sourcecode.c.h; explicitFileType = undefined; includeInIndex = 0; };
		C18306B5E7FB42128D3941C5 /* CDVGlobalization.m */ = {isa = PBXFileReference; name = "CDVGlobalization.m"; path = "cordova-plugin-globalization/CDVGlobalization.m"; sourceTree = "<group>"; fileEncoding = 4; lastKnownFileType = sourcecode.c.objc; explicitFileType = undefined; includeInIndex = 0; };
		95357CC9D744432AABA51694 /* CDVGlobalization.h */ = {isa = PBXFileReference; name = "CDVGlobalization.h"; path = "cordova-plugin-globalization/CDVGlobalization.h"; sourceTree = "<group>"; fileEncoding = 4; lastKnownFileType = sourcecode.c.h; explicitFileType = undefined; includeInIndex = 0; };
		B948379AE810440782E08AEC /* CDVWKWebViewEngine.m */ = {isa = PBXFileReference; name = "CDVWKWebViewEngine.m"; path = "cordova-plugin-ionic-webview/CDVWKWebViewEngine.m"; sourceTree = "<group>"; fileEncoding = 4; lastKnownFileType = sourcecode.c.objc; explicitFileType = undefined; includeInIndex = 0; };
		77E8E3BC4E53465A8A6303E0 /* CDVWKWebViewUIDelegate.m */ = {isa = PBXFileReference; name = "CDVWKWebViewUIDelegate.m"; path = "cordova-plugin-ionic-webview/CDVWKWebViewUIDelegate.m"; sourceTree = "<group>"; fileEncoding = 4; lastKnownFileType = sourcecode.c.objc; explicitFileType = undefined; includeInIndex = 0; };
		25B6468C92374780B38219B5 /* CDVWKProcessPoolFactory.m */ = {isa = PBXFileReference; name = "CDVWKProcessPoolFactory.m"; path = "cordova-plugin-ionic-webview/CDVWKProcessPoolFactory.m"; sourceTree = "<group>"; fileEncoding = 4; lastKnownFileType = sourcecode.c.objc; explicitFileType = undefined; includeInIndex = 0; };
		7E206F86FF884F428790A13E /* IONAssetHandler.m */ = {isa = PBXFileReference; name = "IONAssetHandler.m"; path = "cordova-plugin-ionic-webview/IONAssetHandler.m"; sourceTree = "<group>"; fileEncoding = 4; lastKnownFileType = sourcecode.c.objc; explicitFileType = undefined; includeInIndex = 0; };
		0AFECBE16DE343B7ADB20321 /* CDVWKWebViewEngine.h */ = {isa = PBXFileReference; name = "CDVWKWebViewEngine.h"; path = "cordova-plugin-ionic-webview/CDVWKWebViewEngine.h"; sourceTree = "<group>"; fileEncoding = 4; lastKnownFileType = sourcecode.c.h; explicitFileType = undefined; includeInIndex = 0; };
		A729265D41144410AC4C8EFC /* CDVWKWebViewUIDelegate.h */ = {isa = PBXFileReference; name = "CDVWKWebViewUIDelegate.h"; path = "cordova-plugin-ionic-webview/CDVWKWebViewUIDelegate.h"; sourceTree = "<group>"; fileEncoding = 4; lastKnownFileType = sourcecode.c.h; explicitFileType = undefined; includeInIndex = 0; };
		2119472960E742D1A380F110 /* CDVWKProcessPoolFactory.h */ = {isa = PBXFileReference; name = "CDVWKProcessPoolFactory.h"; path = "cordova-plugin-ionic-webview/CDVWKProcessPoolFactory.h"; sourceTree = "<group>"; fileEncoding = 4; lastKnownFileType = sourcecode.c.h; explicitFileType = undefined; includeInIndex = 0; };
		B5B277C6993447EE9392FC1D /* IONAssetHandler.h */ = {isa = PBXFileReference; name = "IONAssetHandler.h"; path = "cordova-plugin-ionic-webview/IONAssetHandler.h"; sourceTree = "<group>"; fileEncoding = 4; lastKnownFileType = sourcecode.c.h; explicitFileType = undefined; includeInIndex = 0; };
		D55F0BA2D8B74EDE90F55790 /* WebKit.framework */ = {isa = PBXFileReference; name = "WebKit.framework"; path = "System/Library/Frameworks/WebKit.framework"; sourceTree = SDKROOT; fileEncoding = undefined; lastKnownFileType = wrapper.framework; explicitFileType = undefined; includeInIndex = 0; };
		24286BA1EA5D478187D50CCE /* CDVSound.m */ = {isa = PBXFileReference; name = "CDVSound.m"; path = "cordova-plugin-media/CDVSound.m"; sourceTree = "<group>"; fileEncoding = 4; lastKnownFileType = sourcecode.c.objc; explicitFileType = undefined; includeInIndex = 0; };
		B1C88EC797AC473DA66E0549 /* CDVSound.h */ = {isa = PBXFileReference; name = "CDVSound.h"; path = "cordova-plugin-media/CDVSound.h"; sourceTree = "<group>"; fileEncoding = 4; lastKnownFileType = sourcecode.c.h; explicitFileType = undefined; includeInIndex = 0; };
		D5DA9120C2D84CE78271B167 /* CDVConnection.m */ = {isa = PBXFileReference; name = "CDVConnection.m"; path = "cordova-plugin-network-information/CDVConnection.m"; sourceTree = "<group>"; fileEncoding = 4; lastKnownFileType = sourcecode.c.objc; explicitFileType = undefined; includeInIndex = 0; };
		ECF1772BECA44A2899EDAD50 /* CDVReachability.m */ = {isa = PBXFileReference; name = "CDVReachability.m"; path = "cordova-plugin-network-information/CDVReachability.m"; sourceTree = "<group>"; fileEncoding = 4; lastKnownFileType = sourcecode.c.objc; explicitFileType = undefined; includeInIndex = 0; };
		B77C11D07B994F53904DD1C4 /* CDVConnection.h */ = {isa = PBXFileReference; name = "CDVConnection.h"; path = "cordova-plugin-network-information/CDVConnection.h"; sourceTree = "<group>"; fileEncoding = 4; lastKnownFileType = sourcecode.c.h; explicitFileType = undefined; includeInIndex = 0; };
		05361842661E4CFC8BFE0D2E /* CDVReachability.h */ = {isa = PBXFileReference; name = "CDVReachability.h"; path = "cordova-plugin-network-information/CDVReachability.h"; sourceTree = "<group>"; fileEncoding = 4; lastKnownFileType = sourcecode.c.h; explicitFileType = undefined; includeInIndex = 0; };
		90C977930D294EE0A7C9E4D4 /* CoreTelephony.framework */ = {isa = PBXFileReference; name = "CoreTelephony.framework"; path = "System/Library/Frameworks/CoreTelephony.framework"; sourceTree = SDKROOT; fileEncoding = undefined; lastKnownFileType = wrapper.framework; explicitFileType = undefined; includeInIndex = 0; };
		B14B530F4EFF4732BB072F3A /* CDVStatusBar.m */ = {isa = PBXFileReference; name = "CDVStatusBar.m"; path = "cordova-plugin-statusbar/CDVStatusBar.m"; sourceTree = "<group>"; fileEncoding = 4; lastKnownFileType = sourcecode.c.objc; explicitFileType = undefined; includeInIndex = 0; };
		A1887ADAF64D4B9C8D813750 /* CDVStatusBar.h */ = {isa = PBXFileReference; name = "CDVStatusBar.h"; path = "cordova-plugin-statusbar/CDVStatusBar.h"; sourceTree = "<group>"; fileEncoding = 4; lastKnownFileType = sourcecode.c.h; explicitFileType = undefined; includeInIndex = 0; };
		BA2D92CF4D98496993C36A52 /* ZipPlugin.m */ = {isa = PBXFileReference; name = "ZipPlugin.m"; path = "cordova-plugin-zip/ZipPlugin.m"; sourceTree = "<group>"; fileEncoding = 4; lastKnownFileType = sourcecode.c.objc; explicitFileType = undefined; includeInIndex = 0; };
		DE037D66EE8949D2AE9404C9 /* aescrypt.c */ = {isa = PBXFileReference; name = "aescrypt.c"; path = "cordova-plugin-zip/Plugins/aes/aescrypt.c"; sourceTree = "<group>"; fileEncoding = undefined; lastKnownFileType = unknown; explicitFileType = undefined; includeInIndex = 0; };
		7CC7031585C0425C88B932E3 /* aeskey.c */ = {isa = PBXFileReference; name = "aeskey.c"; path = "cordova-plugin-zip/Plugins/aes/aeskey.c"; sourceTree = "<group>"; fileEncoding = undefined; lastKnownFileType = unknown; explicitFileType = undefined; includeInIndex = 0; };
		BCDBA871027C412DBFFA5F73 /* aestab.c */ = {isa = PBXFileReference; name = "aestab.c"; path = "cordova-plugin-zip/Plugins/aes/aestab.c"; sourceTree = "<group>"; fileEncoding = undefined; lastKnownFileType = unknown; explicitFileType = undefined; includeInIndex = 0; };
		9D7A1AB7E46C48278F84F682 /* entropy.c */ = {isa = PBXFileReference; name = "entropy.c"; path = "cordova-plugin-zip/Plugins/aes/entropy.c"; sourceTree = "<group>"; fileEncoding = undefined; lastKnownFileType = unknown; explicitFileType = undefined; includeInIndex = 0; };
		ABB1538DF8434916AB191489 /* fileenc.c */ = {isa = PBXFileReference; name = "fileenc.c"; path = "cordova-plugin-zip/Plugins/aes/fileenc.c"; sourceTree = "<group>"; fileEncoding = undefined; lastKnownFileType = unknown; explicitFileType = undefined; includeInIndex = 0; };
		B660670E821F4516A1699F11 /* hmac.c */ = {isa = PBXFileReference; name = "hmac.c"; path = "cordova-plugin-zip/Plugins/aes/hmac.c"; sourceTree = "<group>"; fileEncoding = undefined; lastKnownFileType = unknown; explicitFileType = undefined; includeInIndex = 0; };
		617BCC40A62A40A48D166F07 /* prng.c */ = {isa = PBXFileReference; name = "prng.c"; path = "cordova-plugin-zip/Plugins/aes/prng.c"; sourceTree = "<group>"; fileEncoding = undefined; lastKnownFileType = unknown; explicitFileType = undefined; includeInIndex = 0; };
		C030300281684187B1C2AF1B /* pwd2key.c */ = {isa = PBXFileReference; name = "pwd2key.c"; path = "cordova-plugin-zip/Plugins/aes/pwd2key.c"; sourceTree = "<group>"; fileEncoding = undefined; lastKnownFileType = unknown; explicitFileType = undefined; includeInIndex = 0; };
		4942DBAFF73D43EB8932EB67 /* sha1.c */ = {isa = PBXFileReference; name = "sha1.c"; path = "cordova-plugin-zip/Plugins/aes/sha1.c"; sourceTree = "<group>"; fileEncoding = undefined; lastKnownFileType = unknown; explicitFileType = undefined; includeInIndex = 0; };
		E0046CCE8B4E4E6DA064E5B4 /* SSZipArchive.m */ = {isa = PBXFileReference; name = "SSZipArchive.m"; path = "cordova-plugin-zip/Plugins/minizip/SSZipArchive.m"; sourceTree = "<group>"; fileEncoding = 4; lastKnownFileType = sourcecode.c.objc; explicitFileType = undefined; includeInIndex = 0; };
		6FB9BF078B4E4A21B2780A9D /* zip.c */ = {isa = PBXFileReference; name = "zip.c"; path = "cordova-plugin-zip/Plugins/minizip/zip.c"; sourceTree = "<group>"; fileEncoding = undefined; lastKnownFileType = unknown; explicitFileType = undefined; includeInIndex = 0; };
		C7DDEEACAAF649A493490325 /* unzip.c */ = {isa = PBXFileReference; name = "unzip.c"; path = "cordova-plugin-zip/Plugins/minizip/unzip.c"; sourceTree = "<group>"; fileEncoding = undefined; lastKnownFileType = unknown; explicitFileType = undefined; includeInIndex = 0; };
		C5A68E383F5247629002BC6F /* mztools.c */ = {isa = PBXFileReference; name = "mztools.c"; path = "cordova-plugin-zip/Plugins/minizip/mztools.c"; sourceTree = "<group>"; fileEncoding = undefined; lastKnownFileType = unknown; explicitFileType = undefined; includeInIndex = 0; };
		4A02DC7ECE534717B40E626B /* ioapi.c */ = {isa = PBXFileReference; name = "ioapi.c"; path = "cordova-plugin-zip/Plugins/minizip/ioapi.c"; sourceTree = "<group>"; fileEncoding = undefined; lastKnownFileType = unknown; explicitFileType = undefined; includeInIndex = 0; };
		1843FA4FD0F24EB4B9261805 /* ZipPlugin.h */ = {isa = PBXFileReference; name = "ZipPlugin.h"; path = "cordova-plugin-zip/ZipPlugin.h"; sourceTree = "<group>"; fileEncoding = 4; lastKnownFileType = sourcecode.c.h; explicitFileType = undefined; includeInIndex = 0; };
		0D772CA061B94813A1224A9E /* Common.h */ = {isa = PBXFileReference; name = "Common.h"; path = "cordova-plugin-zip/Common.h"; sourceTree = "<group>"; fileEncoding = 4; lastKnownFileType = sourcecode.c.h; explicitFileType = undefined; includeInIndex = 0; };
		43D035CC689B4461A8388CE8 /* aes.h */ = {isa = PBXFileReference; name = "aes.h"; path = "cordova-plugin-zip/Plugins/aes/aes.h"; sourceTree = "<group>"; fileEncoding = 4; lastKnownFileType = sourcecode.c.h; explicitFileType = undefined; includeInIndex = 0; };
		004C2720EEFA42B98637F444 /* aes_via_ace.h */ = {isa = PBXFileReference; name = "aes_via_ace.h"; path = "cordova-plugin-zip/Plugins/aes/aes_via_ace.h"; sourceTree = "<group>"; fileEncoding = 4; lastKnownFileType = sourcecode.c.h; explicitFileType = undefined; includeInIndex = 0; };
		7AC8744041CE44AFAC6FEC95 /* aesopt.h */ = {isa = PBXFileReference; name = "aesopt.h"; path = "cordova-plugin-zip/Plugins/aes/aesopt.h"; sourceTree = "<group>"; fileEncoding = 4; lastKnownFileType = sourcecode.c.h; explicitFileType = undefined; includeInIndex = 0; };
		6BB98105EA4F47FDB5479487 /* aestab.h */ = {isa = PBXFileReference; name = "aestab.h"; path = "cordova-plugin-zip/Plugins/aes/aestab.h"; sourceTree = "<group>"; fileEncoding = 4; lastKnownFileType = sourcecode.c.h; explicitFileType = undefined; includeInIndex = 0; };
		A21804810EB84D699512E5D4 /* brg_endian.h */ = {isa = PBXFileReference; name = "brg_endian.h"; path = "cordova-plugin-zip/Plugins/aes/brg_endian.h"; sourceTree = "<group>"; fileEncoding = 4; lastKnownFileType = sourcecode.c.h; explicitFileType = undefined; includeInIndex = 0; };
		2D74DA9734774E1F8C993644 /* brg_types.h */ = {isa = PBXFileReference; name = "brg_types.h"; path = "cordova-plugin-zip/Plugins/aes/brg_types.h"; sourceTree = "<group>"; fileEncoding = 4; lastKnownFileType = sourcecode.c.h; explicitFileType = undefined; includeInIndex = 0; };
		389DCE16BDB34E6F92DC59BF /* entropy.h */ = {isa = PBXFileReference; name = "entropy.h"; path = "cordova-plugin-zip/Plugins/aes/entropy.h"; sourceTree = "<group>"; fileEncoding = 4; lastKnownFileType = sourcecode.c.h; explicitFileType = undefined; includeInIndex = 0; };
		F13CA436E5044CA985A77A3E /* fileenc.h */ = {isa = PBXFileReference; name = "fileenc.h"; path = "cordova-plugin-zip/Plugins/aes/fileenc.h"; sourceTree = "<group>"; fileEncoding = 4; lastKnownFileType = sourcecode.c.h; explicitFileType = undefined; includeInIndex = 0; };
		4C3E13EBFCAA464098475879 /* hmac.h */ = {isa = PBXFileReference; name = "hmac.h"; path = "cordova-plugin-zip/Plugins/aes/hmac.h"; sourceTree = "<group>"; fileEncoding = 4; lastKnownFileType = sourcecode.c.h; explicitFileType = undefined; includeInIndex = 0; };
		C91C4142344949689FAA6643 /* prng.h */ = {isa = PBXFileReference; name = "prng.h"; path = "cordova-plugin-zip/Plugins/aes/prng.h"; sourceTree = "<group>"; fileEncoding = 4; lastKnownFileType = sourcecode.c.h; explicitFileType = undefined; includeInIndex = 0; };
		5D5FA47AC7D440F59B670B60 /* pwd2key.h */ = {isa = PBXFileReference; name = "pwd2key.h"; path = "cordova-plugin-zip/Plugins/aes/pwd2key.h"; sourceTree = "<group>"; fileEncoding = 4; lastKnownFileType = sourcecode.c.h; explicitFileType = undefined; includeInIndex = 0; };
		C87AF84F20744017BBBB33B9 /* sha1.h */ = {isa = PBXFileReference; name = "sha1.h"; path = "cordova-plugin-zip/Plugins/aes/sha1.h"; sourceTree = "<group>"; fileEncoding = 4; lastKnownFileType = sourcecode.c.h; explicitFileType = undefined; includeInIndex = 0; };
		0E5C4B01D95945C398C9CC77 /* SSZipArchive.h */ = {isa = PBXFileReference; name = "SSZipArchive.h"; path = "cordova-plugin-zip/Plugins/minizip/SSZipArchive.h"; sourceTree = "<group>"; fileEncoding = 4; lastKnownFileType = sourcecode.c.h; explicitFileType = undefined; includeInIndex = 0; };
		53B22D8E860941F4A7B0A307 /* zip.h */ = {isa = PBXFileReference; name = "zip.h"; path = "cordova-plugin-zip/Plugins/minizip/zip.h"; sourceTree = "<group>"; fileEncoding = 4; lastKnownFileType = sourcecode.c.h; explicitFileType = undefined; includeInIndex = 0; };
		E6636E75021842F4B10E36BA /* unzip.h */ = {isa = PBXFileReference; name = "unzip.h"; path = "cordova-plugin-zip/Plugins/minizip/unzip.h"; sourceTree = "<group>"; fileEncoding = 4; lastKnownFileType = sourcecode.c.h; explicitFileType = undefined; includeInIndex = 0; };
		DAB051B6CA60439E80492821 /* mztools.h */ = {isa = PBXFileReference; name = "mztools.h"; path = "cordova-plugin-zip/Plugins/minizip/mztools.h"; sourceTree = "<group>"; fileEncoding = 4; lastKnownFileType = sourcecode.c.h; explicitFileType = undefined; includeInIndex = 0; };
		4471C943322A4F01AB0673F3 /* ioapi.h */ = {isa = PBXFileReference; name = "ioapi.h"; path = "cordova-plugin-zip/Plugins/minizip/ioapi.h"; sourceTree = "<group>"; fileEncoding = 4; lastKnownFileType = sourcecode.c.h; explicitFileType = undefined; includeInIndex = 0; };
		44A995F9712640F599FA8E9E /* crypt.h */ = {isa = PBXFileReference; name = "crypt.h"; path = "cordova-plugin-zip/Plugins/minizip/crypt.h"; sourceTree = "<group>"; fileEncoding = 4; lastKnownFileType = sourcecode.c.h; explicitFileType = undefined; includeInIndex = 0; };
		C8E916176E844EFCB57384AE /* libz.dylib */ = {isa = PBXFileReference; name = "libz.dylib"; path = "usr/lib/libz.dylib"; sourceTree = SDKROOT; fileEncoding = undefined; lastKnownFileType = compiled.mach-o.dylib; explicitFileType = undefined; includeInIndex = 0; };
		4DBE344DB8D94151A6894260 /* SQLitePlugin.m */ = {isa = PBXFileReference; name = "SQLitePlugin.m"; path = "cordova-sqlite-storage/SQLitePlugin.m"; sourceTree = "<group>"; fileEncoding = 4; lastKnownFileType = sourcecode.c.objc; explicitFileType = undefined; includeInIndex = 0; };
		063FEE579BD642438D15920C /* CustomPSPDFThreadSafeMutableDictionary.m */ = {isa = PBXFileReference; name = "CustomPSPDFThreadSafeMutableDictionary.m"; path = "cordova-sqlite-storage/CustomPSPDFThreadSafeMutableDictionary.m"; sourceTree = "<group>"; fileEncoding = 4; lastKnownFileType = sourcecode.c.objc; explicitFileType = undefined; includeInIndex = 0; };
		7D578424D27C4374AF4D9DC8 /* sqlite3.c */ = {isa = PBXFileReference; name = "sqlite3.c"; path = "cordova-sqlite-storage/sqlite3.c"; sourceTree = "<group>"; fileEncoding = undefined; lastKnownFileType = unknown; explicitFileType = undefined; includeInIndex = 0; };
		5BE92AE298C74E6CAB20D59C /* SQLitePlugin.h */ = {isa = PBXFileReference; name = "SQLitePlugin.h"; path = "cordova-sqlite-storage/SQLitePlugin.h"; sourceTree = "<group>"; fileEncoding = 4; lastKnownFileType = sourcecode.c.h; explicitFileType = undefined; includeInIndex = 0; };
		9B8A561FC23F4B359DB025E8 /* sqlite3.h */ = {isa = PBXFileReference; name = "sqlite3.h"; path = "cordova-sqlite-storage/sqlite3.h"; sourceTree = "<group>"; fileEncoding = 4; lastKnownFileType = sourcecode.c.h; explicitFileType = undefined; includeInIndex = 0; };
		6881567B55B443B8BE13C4EB /* Diagnostic.m */ = {isa = PBXFileReference; name = "Diagnostic.m"; path = "cordova.plugins.diagnostic/Diagnostic.m"; sourceTree = "<group>"; fileEncoding = 4; lastKnownFileType = sourcecode.c.objc; explicitFileType = undefined; includeInIndex = 0; };
		FCB60CFA9339434DAFC82F8A /* Diagnostic_Location.m */ = {isa = PBXFileReference; name = "Diagnostic_Location.m"; path = "cordova.plugins.diagnostic/Diagnostic_Location.m"; sourceTree = "<group>"; fileEncoding = 4; lastKnownFileType = sourcecode.c.objc; explicitFileType = undefined; includeInIndex = 0; };
		7E5AE119B53542B18C8C1070 /* Diagnostic_Bluetooth.m */ = {isa = PBXFileReference; name = "Diagnostic_Bluetooth.m"; path = "cordova.plugins.diagnostic/Diagnostic_Bluetooth.m"; sourceTree = "<group>"; fileEncoding = 4; lastKnownFileType = sourcecode.c.objc; explicitFileType = undefined; includeInIndex = 0; };
		80F34B8D2A0F453A81D541C5 /* Diagnostic_Wifi.m */ = {isa = PBXFileReference; name = "Diagnostic_Wifi.m"; path = "cordova.plugins.diagnostic/Diagnostic_Wifi.m"; sourceTree = "<group>"; fileEncoding = 4; lastKnownFileType = sourcecode.c.objc; explicitFileType = undefined; includeInIndex = 0; };
		EDB2D91FE6204D25A1590F39 /* Diagnostic_Camera.m */ = {isa = PBXFileReference; name = "Diagnostic_Camera.m"; path = "cordova.plugins.diagnostic/Diagnostic_Camera.m"; sourceTree = "<group>"; fileEncoding = 4; lastKnownFileType = sourcecode.c.objc; explicitFileType = undefined; includeInIndex = 0; };
		F97D0EC55A1044A2BDCFC42B /* Diagnostic_Notifications.m */ = {isa = PBXFileReference; name = "Diagnostic_Notifications.m"; path = "cordova.plugins.diagnostic/Diagnostic_Notifications.m"; sourceTree = "<group>"; fileEncoding = 4; lastKnownFileType = sourcecode.c.objc; explicitFileType = undefined; includeInIndex = 0; };
		67301D6C7F6C4AA9894B828F /* Diagnostic_Microphone.m */ = {isa = PBXFileReference; name = "Diagnostic_Microphone.m"; path = "cordova.plugins.diagnostic/Diagnostic_Microphone.m"; sourceTree = "<group>"; fileEncoding = 4; lastKnownFileType = sourcecode.c.objc; explicitFileType = undefined; includeInIndex = 0; };
		D0ACABBCC19F463C8A8C5734 /* Diagnostic_Contacts.m */ = {isa = PBXFileReference; name = "Diagnostic_Contacts.m"; path = "cordova.plugins.diagnostic/Diagnostic_Contacts.m"; sourceTree = "<group>"; fileEncoding = 4; lastKnownFileType = sourcecode.c.objc; explicitFileType = undefined; includeInIndex = 0; };
		8B5CBC17E1F148FDB578F6DA /* Diagnostic_Calendar.m */ = {isa = PBXFileReference; name = "Diagnostic_Calendar.m"; path = "cordova.plugins.diagnostic/Diagnostic_Calendar.m"; sourceTree = "<group>"; fileEncoding = 4; lastKnownFileType = sourcecode.c.objc; explicitFileType = undefined; includeInIndex = 0; };
		EC8D8744E912482FBCDD548C /* Diagnostic_Reminders.m */ = {isa = PBXFileReference; name = "Diagnostic_Reminders.m"; path = "cordova.plugins.diagnostic/Diagnostic_Reminders.m"; sourceTree = "<group>"; fileEncoding = 4; lastKnownFileType = sourcecode.c.objc; explicitFileType = undefined; includeInIndex = 0; };
		3E658217D4FF4398B51A9680 /* Diagnostic_Motion.m */ = {isa = PBXFileReference; name = "Diagnostic_Motion.m"; path = "cordova.plugins.diagnostic/Diagnostic_Motion.m"; sourceTree = "<group>"; fileEncoding = 4; lastKnownFileType = sourcecode.c.objc; explicitFileType = undefined; includeInIndex = 0; };
		3E0265218DB74B4B910FB625 /* Diagnostic.h */ = {isa = PBXFileReference; name = "Diagnostic.h"; path = "cordova.plugins.diagnostic/Diagnostic.h"; sourceTree = "<group>"; fileEncoding = 4; lastKnownFileType = sourcecode.c.h; explicitFileType = undefined; includeInIndex = 0; };
		B8AD89313A3A4B37AD8DA9B2 /* Diagnostic_Location.h */ = {isa = PBXFileReference; name = "Diagnostic_Location.h"; path = "cordova.plugins.diagnostic/Diagnostic_Location.h"; sourceTree = "<group>"; fileEncoding = 4; lastKnownFileType = sourcecode.c.h; explicitFileType = undefined; includeInIndex = 0; };
		3EA5AC457F8F4A5290B075D8 /* Diagnostic_Bluetooth.h */ = {isa = PBXFileReference; name = "Diagnostic_Bluetooth.h"; path = "cordova.plugins.diagnostic/Diagnostic_Bluetooth.h"; sourceTree = "<group>"; fileEncoding = 4; lastKnownFileType = sourcecode.c.h; explicitFileType = undefined; includeInIndex = 0; };
		531802118F854965B3A4A47C /* Diagnostic_Wifi.h */ = {isa = PBXFileReference; name = "Diagnostic_Wifi.h"; path = "cordova.plugins.diagnostic/Diagnostic_Wifi.h"; sourceTree = "<group>"; fileEncoding = 4; lastKnownFileType = sourcecode.c.h; explicitFileType = undefined; includeInIndex = 0; };
		5C30DB2204F54ACA8B5CC458 /* Diagnostic_Camera.h */ = {isa = PBXFileReference; name = "Diagnostic_Camera.h"; path = "cordova.plugins.diagnostic/Diagnostic_Camera.h"; sourceTree = "<group>"; fileEncoding = 4; lastKnownFileType = sourcecode.c.h; explicitFileType = undefined; includeInIndex = 0; };
		0CB47E91961B4696B0F55192 /* Diagnostic_Notifications.h */ = {isa = PBXFileReference; name = "Diagnostic_Notifications.h"; path = "cordova.plugins.diagnostic/Diagnostic_Notifications.h"; sourceTree = "<group>"; fileEncoding = 4; lastKnownFileType = sourcecode.c.h; explicitFileType = undefined; includeInIndex = 0; };
		41CC31C75C4040DCA42723B6 /* Diagnostic_Microphone.h */ = {isa = PBXFileReference; name = "Diagnostic_Microphone.h"; path = "cordova.plugins.diagnostic/Diagnostic_Microphone.h"; sourceTree = "<group>"; fileEncoding = 4; lastKnownFileType = sourcecode.c.h; explicitFileType = undefined; includeInIndex = 0; };
		B32D8D45F8B04525BCD7EC9D /* Diagnostic_Contacts.h */ = {isa = PBXFileReference; name = "Diagnostic_Contacts.h"; path = "cordova.plugins.diagnostic/Diagnostic_Contacts.h"; sourceTree = "<group>"; fileEncoding = 4; lastKnownFileType = sourcecode.c.h; explicitFileType = undefined; includeInIndex = 0; };
		2766EBDE4BB14C1783D12014 /* Diagnostic_Calendar.h */ = {isa = PBXFileReference; name = "Diagnostic_Calendar.h"; path = "cordova.plugins.diagnostic/Diagnostic_Calendar.h"; sourceTree = "<group>"; fileEncoding = 4; lastKnownFileType = sourcecode.c.h; explicitFileType = undefined; includeInIndex = 0; };
		473ACE93731444B2B46E5F84 /* Diagnostic_Reminders.h */ = {isa = PBXFileReference; name = "Diagnostic_Reminders.h"; path = "cordova.plugins.diagnostic/Diagnostic_Reminders.h"; sourceTree = "<group>"; fileEncoding = 4; lastKnownFileType = sourcecode.c.h; explicitFileType = undefined; includeInIndex = 0; };
		61822F9D0313483CBBF39833 /* Diagnostic_Motion.h */ = {isa = PBXFileReference; name = "Diagnostic_Motion.h"; path = "cordova.plugins.diagnostic/Diagnostic_Motion.h"; sourceTree = "<group>"; fileEncoding = 4; lastKnownFileType = sourcecode.c.h; explicitFileType = undefined; includeInIndex = 0; };
		EFE569C7F83B4C7AB1FA864F /* CoreBluetooth.framework */ = {isa = PBXFileReference; name = "CoreBluetooth.framework"; path = "System/Library/Frameworks/CoreBluetooth.framework"; sourceTree = SDKROOT; fileEncoding = undefined; lastKnownFileType = wrapper.framework; explicitFileType = undefined; includeInIndex = 0; };
		EFB63C7B625C4A33B031EE43 /* Photos.framework */ = {isa = PBXFileReference; name = "Photos.framework"; path = "System/Library/Frameworks/Photos.framework"; sourceTree = SDKROOT; fileEncoding = undefined; lastKnownFileType = wrapper.framework; explicitFileType = undefined; includeInIndex = 0; };
		F97296A37B6E418C881DDA3D /* UserNotifications.framework */ = {isa = PBXFileReference; name = "UserNotifications.framework"; path = "System/Library/Frameworks/UserNotifications.framework"; sourceTree = SDKROOT; fileEncoding = undefined; lastKnownFileType = wrapper.framework; explicitFileType = undefined; includeInIndex = 0; };
		79EF780D2EB841A084DF8B62 /* Contacts.framework */ = {isa = PBXFileReference; name = "Contacts.framework"; path = "System/Library/Frameworks/Contacts.framework"; sourceTree = SDKROOT; fileEncoding = undefined; lastKnownFileType = wrapper.framework; explicitFileType = undefined; includeInIndex = 0; };
		471827B1842D48058918E73F /* AddressBook.framework */ = {isa = PBXFileReference; name = "AddressBook.framework"; path = "System/Library/Frameworks/AddressBook.framework"; sourceTree = SDKROOT; fileEncoding = undefined; lastKnownFileType = wrapper.framework; explicitFileType = undefined; includeInIndex = 0; };
		1AC22EB0F9814B429836FD50 /* EventKit.framework */ = {isa = PBXFileReference; name = "EventKit.framework"; path = "System/Library/Frameworks/EventKit.framework"; sourceTree = SDKROOT; fileEncoding = undefined; lastKnownFileType = wrapper.framework; explicitFileType = undefined; includeInIndex = 0; };
		8F9B75FDBDF94FC3967EE792 /* CoreMotion.framework */ = {isa = PBXFileReference; name = "CoreMotion.framework"; path = "System/Library/Frameworks/CoreMotion.framework"; sourceTree = SDKROOT; fileEncoding = undefined; lastKnownFileType = wrapper.framework; explicitFileType = undefined; includeInIndex = 0; };
		7DC9378836314C4DA3A88C28 /* BackgroundAudio.m */ = {isa = PBXFileReference; name = "BackgroundAudio.m"; path = "nl.kingsquare.cordova.background-audio/BackgroundAudio.m"; sourceTree = "<group>"; fileEncoding = 4; lastKnownFileType = sourcecode.c.objc; explicitFileType = undefined; includeInIndex = 0; };
/* End PBXFileReference section */

/* Begin PBXFrameworksBuildPhase section */
		1D60588F0D05DD3D006BFB54 /* Frameworks */ = {
			isa = PBXFrameworksBuildPhase;
			buildActionMask = 2147483647;
			files = (
				301BF552109A68D80062928A /* libCordova.a in Frameworks */,
				F14D6B2D25F3443FB94C7BA7 /* Security.framework in Frameworks */,
				E28AC1BAAA72478F9B11B7CF /* SystemConfiguration.framework in Frameworks */,
				0080B19850DC49FA8F394106 /* ImageIO.framework in Frameworks */,
				E951411E86EF4EAFBA500551 /* CoreLocation.framework in Frameworks */,
				C5E9E51C858040A486B1E191 /* AVFoundation.framework in Frameworks */,
				19DCEAD4EB3E4A18A032F8B3 /* WebKit.framework in Frameworks */,
				B0B45E48A80A4379A2D9822E /* CoreTelephony.framework in Frameworks */,
				87DEF8EC56DA483CB51F91D2 /* libz.dylib in Frameworks */,
				136A70B757EA448DA6BCFBDD /* CoreBluetooth.framework in Frameworks */,
				41478BBA34AC4CF58DE9957A /* Photos.framework in Frameworks */,
				A32A2EACB99D41679322A75C /* UserNotifications.framework in Frameworks */,
				C9C4302BF4184C4798960359 /* Contacts.framework in Frameworks */,
				4F807D063A9A4B908F47F59E /* AddressBook.framework in Frameworks */,
				3C641E5666374641B2A3473A /* EventKit.framework in Frameworks */,
				548E042B8DB24381BB608E1D /* CoreMotion.framework in Frameworks */,
			);
			runOnlyForDeploymentPostprocessing = 0;
		};
/* End PBXFrameworksBuildPhase section */

/* Begin PBXGroup section */
		080E96DDFE201D6D7F000001 /* Classes */ = {
			isa = PBXGroup;
			children = (
				302D95EE14D2391D003F00A1 /* MainViewController.h */,
				302D95EF14D2391D003F00A1 /* MainViewController.m */,
				302D95F014D2391D003F00A1 /* MainViewController.xib */,
				1D3623240D0F684500981E51 /* AppDelegate.h */,
				1D3623250D0F684500981E51 /* AppDelegate.m */,
			);
			name = Classes;
			path = "Moodle/Classes";
			sourceTree = SOURCE_ROOT;
		};
		19C28FACFE9D520D11CA2CBB /* Products */ = {
			isa = PBXGroup;
			children = (
				1D6058910D05DD3D006BFB54 /* Moodle.app */,
			);
			name = Products;
			sourceTree = "<group>";
		};
		29B97314FDCFA39411CA2CEA /* CustomTemplate */ = {
			isa = PBXGroup;
			children = (
				EB87FDF41871DAF40020F90C /* config.xml */,
				EB87FDF31871DA8E0020F90C /* www */,
				EB87FDF11871DA420020F90C /* Staging */,
				301BF52D109A57CC0062928A /* CordovaLib/CordovaLib.xcodeproj */,
				080E96DDFE201D6D7F000001 /* Classes */,
				307C750510C5A3420062BCA9 /* Plugins */,
				29B97315FDCFA39411CA2CEA /* Other Sources */,
				29B97317FDCFA39411CA2CEA /* Resources */,
				29B97323FDCFA39411CA2CEA /* Frameworks */,
				19C28FACFE9D520D11CA2CBB /* Products */,
			);
			name = CustomTemplate;
			sourceTree = "<group>";
		};
		29B97315FDCFA39411CA2CEA /* Other Sources */ = {
			isa = PBXGroup;
			children = (
				32CA4F630368D1EE00C91783 /* Moodle-Prefix.pch */,
				29B97316FDCFA39411CA2CEA /* main.m */,
				ED33DF2A687741AEAF9F8254 /* Bridging-Header.h */,
			);
			name = "Other Sources";
			path = "Moodle";
			sourceTree = "<group>";
		};
		29B97317FDCFA39411CA2CEA /* Resources */ = {
			isa = PBXGroup;
			children = (
				0207DA571B56EA530066E2B4 /* Images.xcassets */,
				3047A50E1AB8057F00498E2A /* config */,
				8D1107310486CEB800E47090 /* Moodle-Info.plist */,
				6AFF5BF81D6E424B00AB3073 /* CDVLaunchScreen.storyboard */,
				867ECE65EFE24C83A0EB72EA /* GoogleService-Info.plist */,
			);
			name = Resources;
			path = "Moodle/Resources";
			sourceTree = "<group>";
		};
		29B97323FDCFA39411CA2CEA /* Frameworks */ = {
			isa = PBXGroup;
			children = (
				CABD435E55014D669AA3217B /* Security.framework */,
				23A946E58FEF4FD68AB4C065 /* SystemConfiguration.framework */,
				ED87B3B5DA5F4FB9B0282CAF /* ImageIO.framework */,
				0B6F342D4ED44E8DA719317D /* CoreLocation.framework */,
				0C171D0297CB40FF98265509 /* AVFoundation.framework */,
				D55F0BA2D8B74EDE90F55790 /* WebKit.framework */,
				90C977930D294EE0A7C9E4D4 /* CoreTelephony.framework */,
				C8E916176E844EFCB57384AE /* libz.dylib */,
				EFE569C7F83B4C7AB1FA864F /* CoreBluetooth.framework */,
				EFB63C7B625C4A33B031EE43 /* Photos.framework */,
				F97296A37B6E418C881DDA3D /* UserNotifications.framework */,
				79EF780D2EB841A084DF8B62 /* Contacts.framework */,
				471827B1842D48058918E73F /* AddressBook.framework */,
				1AC22EB0F9814B429836FD50 /* EventKit.framework */,
				8F9B75FDBDF94FC3967EE792 /* CoreMotion.framework */,
			);
			name = Frameworks;
			sourceTree = "<group>";
		};
		301BF52E109A57CC0062928A /* Products */ = {
			isa = PBXGroup;
			children = (
				301BF535109A57CC0062928A /* libCordova.a */,
				907D8124214C687600058A10 /* Cordova.framework */,
			);
			name = Products;
			sourceTree = "<group>";
		};
		3047A50E1AB8057F00498E2A /* config */ = {
			isa = PBXGroup;
			children = (
				3047A50F1AB8059700498E2A /* build-debug.xcconfig */,
				3047A5101AB8059700498E2A /* build-release.xcconfig */,
				3047A5111AB8059700498E2A /* build.xcconfig */,
			);
			name = config;
			sourceTree = "<group>";
		};
		307C750510C5A3420062BCA9 /* Plugins */ = {
			isa = PBXGroup;
			children = (
				198CBC8F44F140C29EC282AF /* CDVClipboard.m */,
				261E76242FC6457089632B78 /* CDVClipboard.h */,
				A974B8FDA34E4FFFB46DC6A0 /* CDVFile.m */,
				CD53DE27B3EC4968B0E19A91 /* CDVLocalFilesystem.m */,
				BACDE89DCD4B4BBC85F45522 /* CDVAssetLibraryFilesystem.m */,
				ED35B1D0337A46618766B45B /* CDVFile.h */,
				96CAD83FB1A1464BB92DDDDE /* CDVLocalFilesystem.h */,
				4663CA59A255489E86F556EA /* CDVAssetLibraryFilesystem.h */,
				340263F5218B499591F882E3 /* CordovaHttpPlugin.m */,
				56DCE41ABE974DAAB93129A4 /* BinaryRequestSerializer.m */,
				9801D81DDD43467896714847 /* BinaryResponseSerializer.m */,
				EB1221F822D44EC38EB93C54 /* TextResponseSerializer.m */,
				171B2798FB4640A7B513D15D /* TextRequestSerializer.m */,
				B6F54C3927884EA5B68AC89D /* AFHTTPSessionManager.m */,
				590FC3CC2CBD41C0B4BBD8DB /* AFNetworkReachabilityManager.m */,
				1FA955220F524AB1A9F540EC /* AFSecurityPolicy.m */,
				9A5B6CA389B34BB78E9E98FD /* AFURLRequestSerialization.m */,
				275EB7D5AF154475B89F9BBF /* AFURLResponseSerialization.m */,
				3119AF82BDD844EBAE1465CC /* AFURLSessionManager.m */,
				5856F8E7CA2F4140A05924BD /* SDNetworkActivityIndicator.m */,
				390A8DAF133E49058BA74374 /* CordovaHttpPlugin.h */,
				64459EE2743E492A8AEAC34D /* BinaryRequestSerializer.h */,
				AC50091E143D4483964B9869 /* BinaryResponseSerializer.h */,
				3E3288B920A24FC4A845FDD6 /* TextResponseSerializer.h */,
				DA95DA8301BC4E56A82F7BBC /* TextRequestSerializer.h */,
				BB2A9AF342CA4EE28F47701E /* AFHTTPSessionManager.h */,
				A799AD05BB284033AA190E03 /* AFNetworking.h */,
				5984E93C998248B0B44D6E81 /* AFNetworkReachabilityManager.h */,
				7396B5A1056F476E82DCBC2E /* AFSecurityPolicy.h */,
				EFF98064EB0340D7A71D207D /* AFURLRequestSerialization.h */,
				FDACA710B7804FDD8F34ECEA /* AFURLResponseSerialization.h */,
				6CBDBB2AA23949BDA5D5F87D /* AFURLSessionManager.h */,
				53D21F5DCC9646B382B788E9 /* SDNetworkActivityIndicator.h */,
				CAE8E5DBCDEA4E02B28B503E /* APPBadge.m */,
				D881E9539A644CB2A1F63D75 /* APPBadge.h */,
				01FB8B3AD3184927B19DA19A /* UIImage+CropScaleOrientation.m */,
				134B556D9B1146EDBC35839D /* CDVCamera.m */,
				0AC9E5E2E7E7418982BE95A5 /* CDVJpegHeaderWriter.m */,
				3CF4082802B943D6978A63C7 /* UIImage+CropScaleOrientation.h */,
				EEF99B4EB0B2431A85C0DD61 /* CDVCamera.h */,
				7E6083668867480E9EFAE2C4 /* CDVJpegHeaderWriter.h */,
				2472761100004B29BE9C4B4A /* CDVExif.h */,
				567AA31B30994A7395881EF5 /* Chooser.swift */,
				8394F640FD7C4701A9076617 /* CDVDevice.m */,
				59E14E21555E4B83A26CB8CF /* CDVDevice.h */,
				283A49920D124A0DB81EC2B7 /* FileOpener2.m */,
				736DEF6603DA4E6EB9108236 /* FileOpener2.h */,
				21D4B97630EC4758A9BE0AEC /* CDVLocation.m */,
				8D13B49826AD4410BCED889A /* CDVLocation.h */,
				C18306B5E7FB42128D3941C5 /* CDVGlobalization.m */,
				95357CC9D744432AABA51694 /* CDVGlobalization.h */,
				B948379AE810440782E08AEC /* CDVWKWebViewEngine.m */,
				77E8E3BC4E53465A8A6303E0 /* CDVWKWebViewUIDelegate.m */,
				25B6468C92374780B38219B5 /* CDVWKProcessPoolFactory.m */,
				7E206F86FF884F428790A13E /* IONAssetHandler.m */,
				0AFECBE16DE343B7ADB20321 /* CDVWKWebViewEngine.h */,
				A729265D41144410AC4C8EFC /* CDVWKWebViewUIDelegate.h */,
				2119472960E742D1A380F110 /* CDVWKProcessPoolFactory.h */,
				B5B277C6993447EE9392FC1D /* IONAssetHandler.h */,
				24286BA1EA5D478187D50CCE /* CDVSound.m */,
				B1C88EC797AC473DA66E0549 /* CDVSound.h */,
				D5DA9120C2D84CE78271B167 /* CDVConnection.m */,
				ECF1772BECA44A2899EDAD50 /* CDVReachability.m */,
				B77C11D07B994F53904DD1C4 /* CDVConnection.h */,
				05361842661E4CFC8BFE0D2E /* CDVReachability.h */,
				B14B530F4EFF4732BB072F3A /* CDVStatusBar.m */,
				A1887ADAF64D4B9C8D813750 /* CDVStatusBar.h */,
				BA2D92CF4D98496993C36A52 /* ZipPlugin.m */,
				DE037D66EE8949D2AE9404C9 /* aescrypt.c */,
				7CC7031585C0425C88B932E3 /* aeskey.c */,
				BCDBA871027C412DBFFA5F73 /* aestab.c */,
				9D7A1AB7E46C48278F84F682 /* entropy.c */,
				ABB1538DF8434916AB191489 /* fileenc.c */,
				B660670E821F4516A1699F11 /* hmac.c */,
				617BCC40A62A40A48D166F07 /* prng.c */,
				C030300281684187B1C2AF1B /* pwd2key.c */,
				4942DBAFF73D43EB8932EB67 /* sha1.c */,
				E0046CCE8B4E4E6DA064E5B4 /* SSZipArchive.m */,
				6FB9BF078B4E4A21B2780A9D /* zip.c */,
				C7DDEEACAAF649A493490325 /* unzip.c */,
				C5A68E383F5247629002BC6F /* mztools.c */,
				4A02DC7ECE534717B40E626B /* ioapi.c */,
				1843FA4FD0F24EB4B9261805 /* ZipPlugin.h */,
				0D772CA061B94813A1224A9E /* Common.h */,
				43D035CC689B4461A8388CE8 /* aes.h */,
				004C2720EEFA42B98637F444 /* aes_via_ace.h */,
				7AC8744041CE44AFAC6FEC95 /* aesopt.h */,
				6BB98105EA4F47FDB5479487 /* aestab.h */,
				A21804810EB84D699512E5D4 /* brg_endian.h */,
				2D74DA9734774E1F8C993644 /* brg_types.h */,
				389DCE16BDB34E6F92DC59BF /* entropy.h */,
				F13CA436E5044CA985A77A3E /* fileenc.h */,
				4C3E13EBFCAA464098475879 /* hmac.h */,
				C91C4142344949689FAA6643 /* prng.h */,
				5D5FA47AC7D440F59B670B60 /* pwd2key.h */,
				C87AF84F20744017BBBB33B9 /* sha1.h */,
				0E5C4B01D95945C398C9CC77 /* SSZipArchive.h */,
				53B22D8E860941F4A7B0A307 /* zip.h */,
				E6636E75021842F4B10E36BA /* unzip.h */,
				DAB051B6CA60439E80492821 /* mztools.h */,
				4471C943322A4F01AB0673F3 /* ioapi.h */,
				44A995F9712640F599FA8E9E /* crypt.h */,
				4DBE344DB8D94151A6894260 /* SQLitePlugin.m */,
				063FEE579BD642438D15920C /* CustomPSPDFThreadSafeMutableDictionary.m */,
				7D578424D27C4374AF4D9DC8 /* sqlite3.c */,
				5BE92AE298C74E6CAB20D59C /* SQLitePlugin.h */,
				9B8A561FC23F4B359DB025E8 /* sqlite3.h */,
				6881567B55B443B8BE13C4EB /* Diagnostic.m */,
				FCB60CFA9339434DAFC82F8A /* Diagnostic_Location.m */,
				7E5AE119B53542B18C8C1070 /* Diagnostic_Bluetooth.m */,
				80F34B8D2A0F453A81D541C5 /* Diagnostic_Wifi.m */,
				EDB2D91FE6204D25A1590F39 /* Diagnostic_Camera.m */,
				F97D0EC55A1044A2BDCFC42B /* Diagnostic_Notifications.m */,
				67301D6C7F6C4AA9894B828F /* Diagnostic_Microphone.m */,
				D0ACABBCC19F463C8A8C5734 /* Diagnostic_Contacts.m */,
				8B5CBC17E1F148FDB578F6DA /* Diagnostic_Calendar.m */,
				EC8D8744E912482FBCDD548C /* Diagnostic_Reminders.m */,
				3E658217D4FF4398B51A9680 /* Diagnostic_Motion.m */,
				3E0265218DB74B4B910FB625 /* Diagnostic.h */,
				B8AD89313A3A4B37AD8DA9B2 /* Diagnostic_Location.h */,
				3EA5AC457F8F4A5290B075D8 /* Diagnostic_Bluetooth.h */,
				531802118F854965B3A4A47C /* Diagnostic_Wifi.h */,
				5C30DB2204F54ACA8B5CC458 /* Diagnostic_Camera.h */,
				0CB47E91961B4696B0F55192 /* Diagnostic_Notifications.h */,
				41CC31C75C4040DCA42723B6 /* Diagnostic_Microphone.h */,
				B32D8D45F8B04525BCD7EC9D /* Diagnostic_Contacts.h */,
				2766EBDE4BB14C1783D12014 /* Diagnostic_Calendar.h */,
				473ACE93731444B2B46E5F84 /* Diagnostic_Reminders.h */,
				61822F9D0313483CBBF39833 /* Diagnostic_Motion.h */,
				7DC9378836314C4DA3A88C28 /* BackgroundAudio.m */,
			);
			name = Plugins;
			path = "Moodle/Plugins";
			sourceTree = SOURCE_ROOT;
		};
		EB87FDF11871DA420020F90C /* Staging */ = {
			isa = PBXGroup;
			children = (
				F840E1F0165FE0F500CFE078 /* config.xml */,
				301BF56E109A69640062928A /* www */,
			);
			name = Staging;
			sourceTree = "<group>";
		};
/* End PBXGroup section */

/* Begin PBXNativeTarget section */
		1D6058900D05DD3D006BFB54 /* Moodle */ = {
			isa = PBXNativeTarget;
			buildConfigurationList = 1D6058960D05DD3E006BFB54 /* Build configuration list for PBXNativeTarget "Moodle" */;
			buildPhases = (
				304B58A110DAC018002A0835 /* Copy www directory */,
				1D60588D0D05DD3D006BFB54 /* Resources */,
				1D60588E0D05DD3D006BFB54 /* Sources */,
				1D60588F0D05DD3D006BFB54 /* Frameworks */,
			);
			buildRules = (
			);
			dependencies = (
				301BF551109A68C00062928A /* PBXTargetDependency */,
			);
			name = "Moodle";
			productName = "Moodle";
			productReference = 1D6058910D05DD3D006BFB54 /* Moodle.app */;
			productType = "com.apple.product-type.application";
		};
/* End PBXNativeTarget section */

/* Begin PBXProject section */
		29B97313FDCFA39411CA2CEA /* Project object */ = {
			isa = PBXProject;
			attributes = {
				LastUpgradeCheck = 1130;
				TargetAttributes = {
					1D6058900D05DD3D006BFB54 = {
						ProvisioningStyle = Automatic;
					};
				};
			};
			buildConfigurationList = C01FCF4E08A954540054247B /* Build configuration list for PBXProject "Moodle" */;
			compatibilityVersion = "Xcode 11.0";
			developmentRegion = en;
			hasScannedForEncodings = 1;
			knownRegions = (
				en,
				Base,
			);
			mainGroup = 29B97314FDCFA39411CA2CEA /* CustomTemplate */;
			projectDirPath = "";
			projectReferences = (
				{
					ProductGroup = 301BF52E109A57CC0062928A /* Products */;
					ProjectRef = 301BF52D109A57CC0062928A /* CordovaLib/CordovaLib.xcodeproj */;
				},
			);
			projectRoot = "";
			targets = (
				1D6058900D05DD3D006BFB54 /* Moodle */,
			);
		};
/* End PBXProject section */

/* Begin PBXReferenceProxy section */
		301BF535109A57CC0062928A /* libCordova.a */ = {
			isa = PBXReferenceProxy;
			fileType = archive.ar;
			path = libCordova.a;
			remoteRef = 301BF534109A57CC0062928A /* PBXContainerItemProxy */;
			sourceTree = BUILT_PRODUCTS_DIR;
		};
		907D8124214C687600058A10 /* Cordova.framework */ = {
			isa = PBXReferenceProxy;
			fileType = wrapper.framework;
			path = Cordova.framework;
			remoteRef = 907D8123214C687600058A10 /* PBXContainerItemProxy */;
			sourceTree = BUILT_PRODUCTS_DIR;
		};
/* End PBXReferenceProxy section */

/* Begin PBXResourcesBuildPhase section */
		1D60588D0D05DD3D006BFB54 /* Resources */ = {
			isa = PBXResourcesBuildPhase;
			buildActionMask = 2147483647;
			files = (
				302D95F214D2391D003F00A1 /* MainViewController.xib in Resources */,
				0207DA581B56EA530066E2B4 /* Images.xcassets in Resources */,
				6AFF5BF91D6E424B00AB3073 /* CDVLaunchScreen.storyboard in Resources */,
				BA86573B14E0423AB043C3FD /* GoogleService-Info.plist in Resources */,
			);
			runOnlyForDeploymentPostprocessing = 0;
		};
/* End PBXResourcesBuildPhase section */

/* Begin PBXShellScriptBuildPhase section */
		304B58A110DAC018002A0835 /* Copy www directory */ = {
			isa = PBXShellScriptBuildPhase;
			buildActionMask = 2147483647;
			files = (
			);
			inputPaths = (
			);
			name = "Copy www directory";
			outputPaths = (
			);
			runOnlyForDeploymentPostprocessing = 0;
			shellPath = /bin/sh;
			shellScript = "\"$SRCROOT/Moodle/Scripts/copy-www-build-step.sh\"";
			showEnvVarsInLog = 0;
		};
/* End PBXShellScriptBuildPhase section */

/* Begin PBXSourcesBuildPhase section */
		1D60588E0D05DD3D006BFB54 /* Sources */ = {
			isa = PBXSourcesBuildPhase;
			buildActionMask = 2147483647;
			files = (
				1D60589B0D05DD56006BFB54 /* main.m in Sources */,
				1D3623260D0F684500981E51 /* AppDelegate.m in Sources */,
				302D95F114D2391D003F00A1 /* MainViewController.m in Sources */,
				05356E8BEA63432A8C75CBC6 /* CDVClipboard.m in Sources */,
				45BB3253644A4F8EAEDFEA88 /* CDVFile.m in Sources */,
				99B99BEC85B74C918017D3FE /* CDVLocalFilesystem.m in Sources */,
				50297A986EC84293A6624BCB /* CDVAssetLibraryFilesystem.m in Sources */,
				BC4EBC5BB6AE4B77A0AACDAE /* CordovaHttpPlugin.m in Sources */,
				A3A3F856503E49B3A5163736 /* BinaryRequestSerializer.m in Sources */,
				821FDD93E90546589F7C7BB1 /* BinaryResponseSerializer.m in Sources */,
				B71620D5D18E481BAE2AB267 /* TextResponseSerializer.m in Sources */,
				9CAEA32064C643EFBD6331A5 /* TextRequestSerializer.m in Sources */,
				EA827F84293445F0BA66111B /* AFHTTPSessionManager.m in Sources */,
				8A46206D1E1F481FAEDF5CAE /* AFNetworkReachabilityManager.m in Sources */,
				8D0D1B94A9B647DB9F1D8058 /* AFSecurityPolicy.m in Sources */,
				27553F6EE75E449CA8B2A4D1 /* AFURLRequestSerialization.m in Sources */,
				72B3134DCA584AB8B8FC4362 /* AFURLResponseSerialization.m in Sources */,
				9614778D8AEA41A19E0BBCA8 /* AFURLSessionManager.m in Sources */,
				A7FA95F434564EA29040D6FD /* SDNetworkActivityIndicator.m in Sources */,
				3AC4131D94514A69AAA749C6 /* APPBadge.m in Sources */,
				C7786B4DCCF645C49BF61C29 /* UIImage+CropScaleOrientation.m in Sources */,
				BFD4C9F8DBA64BACACA480D6 /* CDVCamera.m in Sources */,
				AF78603275A14959BEB1398B /* CDVJpegHeaderWriter.m in Sources */,
				1D908C89999C4C4AA8CED9C6 /* Chooser.swift in Sources */,
				12FB59FB3D404A8887F8F179 /* CDVDevice.m in Sources */,
				9CF7BC9D295E406D9839D43B /* FileOpener2.m in Sources */,
				FE9C2CC8F0CB47C58050E8A2 /* CDVLocation.m in Sources */,
				2CBC82D18C3E42C8A3A64E5C /* CDVGlobalization.m in Sources */,
				6A326128032E42EDA0F6E89D /* CDVWKWebViewEngine.m in Sources */,
				FE2AD6F49B8342F791F4ECC7 /* CDVWKWebViewUIDelegate.m in Sources */,
				7B4689FD052B47578E94FEE6 /* CDVWKProcessPoolFactory.m in Sources */,
				3DBC6B670B774FD7AADB273C /* IONAssetHandler.m in Sources */,
				26BFAEF02FDA4926979334BF /* CDVSound.m in Sources */,
				C74598C89B6F431393762208 /* CDVConnection.m in Sources */,
				DD55EF6016164EEB9C6803DC /* CDVReachability.m in Sources */,
				B1896574EB5545B19C5854B0 /* CDVStatusBar.m in Sources */,
				E3174FD334D546AFA87303E7 /* ZipPlugin.m in Sources */,
				77032320BD0E4EA2B591144F /* aescrypt.c in Resources */,
				6A9303003F2B43048934098F /* aeskey.c in Resources */,
				190555A79B1E4DEA915EFEB8 /* aestab.c in Resources */,
				200FD3F1CACF4D5B92103C3F /* entropy.c in Resources */,
				8C669DD3F0414986A1ECEBA2 /* fileenc.c in Resources */,
				35904A8C4ABA4533BC022340 /* hmac.c in Resources */,
				8199076A7A734144B3240027 /* prng.c in Resources */,
				CFE383B536CB47B5BD208409 /* pwd2key.c in Resources */,
				DEEEDA36F35B4F13A52CF734 /* sha1.c in Resources */,
				5F3D92108C0E47A8B6369570 /* SSZipArchive.m in Sources */,
				2813EFD72AA1404EB49E9956 /* zip.c in Resources */,
				0A02DD8A67A04DA79C220501 /* unzip.c in Resources */,
				ED34DA6C3D794C46BB4CEF2B /* mztools.c in Resources */,
				A9F5BCAE88E2401183CAF8B4 /* ioapi.c in Resources */,
				FAA047E3CEA4445BA07F51E4 /* SQLitePlugin.m in Sources */,
				FE30D8B074704695B772C692 /* CustomPSPDFThreadSafeMutableDictionary.m in Sources */,
				AD544DD9864248B7A59CFF65 /* sqlite3.c in Resources */,
				CB295CFFC84E47FFBDB48F0E /* Diagnostic.m in Sources */,
				BF7687DADAF84A15A2A3860E /* Diagnostic_Location.m in Sources */,
				767A7639B1DE45AA9626BBF1 /* Diagnostic_Bluetooth.m in Sources */,
				4CFE47679E8C4ED88000BA42 /* Diagnostic_Wifi.m in Sources */,
				7B47CDD84D0B4B0BA5F6410B /* Diagnostic_Camera.m in Sources */,
				48AF4ABE24DC4F7393CECE9C /* Diagnostic_Notifications.m in Sources */,
				050D5BAA4EED44A68BE29F73 /* Diagnostic_Microphone.m in Sources */,
				C88A92C22F334F1488AB8333 /* Diagnostic_Contacts.m in Sources */,
				868704168C3849688E696AA2 /* Diagnostic_Calendar.m in Sources */,
				76596C9B7C1949B79D87E7AA /* Diagnostic_Reminders.m in Sources */,
				5F5EA3A2A1014B678933916F /* Diagnostic_Motion.m in Sources */,
				01A14C3F7AF84172BAD9CC7D /* BackgroundAudio.m in Sources */,
			);
			runOnlyForDeploymentPostprocessing = 0;
		};
/* End PBXSourcesBuildPhase section */

/* Begin PBXTargetDependency section */
		301BF551109A68C00062928A /* PBXTargetDependency */ = {
			isa = PBXTargetDependency;
			name = CordovaLib;
			targetProxy = 301BF550109A68C00062928A /* PBXContainerItemProxy */;
		};
/* End PBXTargetDependency section */

/* Begin XCBuildConfiguration section */
		1D6058940D05DD3E006BFB54 /* Debug */ = {
			isa = XCBuildConfiguration;
			baseConfigurationReference = 3047A50F1AB8059700498E2A /* build-debug.xcconfig */;
			buildSettings = {
				ALWAYS_SEARCH_USER_PATHS = NO;
				ASSETCATALOG_COMPILER_APPICON_NAME = AppIcon;
				CLANG_ENABLE_MODULES = YES;
				CLANG_ENABLE_OBJC_ARC = YES;
				COPY_PHASE_STRIP = NO;
				GCC_DYNAMIC_NO_PIC = NO;
				GCC_OPTIMIZATION_LEVEL = 0;
				GCC_PRECOMPILE_PREFIX_HEADER = YES;
				GCC_PREFIX_HEADER = "Moodle/Moodle-Prefix.pch";
				GCC_THUMB_SUPPORT = NO;
				GCC_VERSION = "";
				INFOPLIST_FILE = "Moodle/Moodle-Info.plist";
				IPHONEOS_DEPLOYMENT_TARGET = 11.0;
				LD_RUNPATH_SEARCH_PATHS = "@executable_path/Frameworks";
				PRODUCT_BUNDLE_IDENTIFIER = io.ionic.starter;
				PRODUCT_NAME = "$(TARGET_NAME)";
				TARGETED_DEVICE_FAMILY = "1,2";
				VALIDATE_WORKSPACE = NO;
				SWIFT_OBJC_BRIDGING_HEADER = "$(PROJECT_DIR)/$(PROJECT_NAME)/Bridging-Header.h";
				ALWAYS_EMBED_SWIFT_STANDARD_LIBRARIES = YES;
				SWIFT_VERSION = 4.0;
				SWIFT_OPTIMIZATION_LEVEL = "-Onone";
			};
			name = Debug;
		};
		1D6058950D05DD3E006BFB54 /* Release */ = {
			isa = XCBuildConfiguration;
			baseConfigurationReference = 3047A5101AB8059700498E2A /* build-release.xcconfig */;
			buildSettings = {
				ALWAYS_SEARCH_USER_PATHS = NO;
				ASSETCATALOG_COMPILER_APPICON_NAME = AppIcon;
				CLANG_ENABLE_MODULES = YES;
				CLANG_ENABLE_OBJC_ARC = YES;
				COPY_PHASE_STRIP = YES;
				GCC_PRECOMPILE_PREFIX_HEADER = YES;
				GCC_PREFIX_HEADER = "Moodle/Moodle-Prefix.pch";
				GCC_THUMB_SUPPORT = NO;
				GCC_VERSION = "";
				INFOPLIST_FILE = "Moodle/Moodle-Info.plist";
				IPHONEOS_DEPLOYMENT_TARGET = 11.0;
				LD_RUNPATH_SEARCH_PATHS = "@executable_path/Frameworks";
				PRODUCT_BUNDLE_IDENTIFIER = io.ionic.starter;
				PRODUCT_NAME = "$(TARGET_NAME)";
				TARGETED_DEVICE_FAMILY = "1,2";
				VALIDATE_WORKSPACE = NO;
				SWIFT_OBJC_BRIDGING_HEADER = "$(PROJECT_DIR)/$(PROJECT_NAME)/Bridging-Header.h";
				ALWAYS_EMBED_SWIFT_STANDARD_LIBRARIES = YES;
				SWIFT_VERSION = 4.0;
			};
			name = Release;
		};
		C01FCF4F08A954540054247B /* Debug */ = {
			isa = XCBuildConfiguration;
			baseConfigurationReference = 3047A5111AB8059700498E2A /* build.xcconfig */;
			buildSettings = {
				CLANG_ANALYZER_LOCALIZABILITY_NONLOCALIZED = YES;
				CLANG_ENABLE_MODULES = YES;
				CLANG_ENABLE_OBJC_ARC = YES;
				CLANG_WARN_BLOCK_CAPTURE_AUTORELEASING = YES;
				CLANG_WARN_BOOL_CONVERSION = YES;
				CLANG_WARN_COMMA = YES;
				CLANG_WARN_CONSTANT_CONVERSION = YES;
				CLANG_WARN_DEPRECATED_OBJC_IMPLEMENTATIONS = YES;
				CLANG_WARN_EMPTY_BODY = YES;
				CLANG_WARN_ENUM_CONVERSION = YES;
				CLANG_WARN_INFINITE_RECURSION = YES;
				CLANG_WARN_INT_CONVERSION = YES;
				CLANG_WARN_NON_LITERAL_NULL_CONVERSION = YES;
				CLANG_WARN_OBJC_IMPLICIT_RETAIN_SELF = YES;
				CLANG_WARN_OBJC_LITERAL_CONVERSION = YES;
				CLANG_WARN_RANGE_LOOP_ANALYSIS = YES;
				CLANG_WARN_STRICT_PROTOTYPES = YES;
				CLANG_WARN_SUSPICIOUS_MOVE = YES;
				CLANG_WARN_UNREACHABLE_CODE = YES;
				CLANG_WARN__DUPLICATE_METHOD_MATCH = YES;
				ENABLE_STRICT_OBJC_MSGSEND = YES;
				ENABLE_TESTABILITY = YES;
				GCC_C_LANGUAGE_STANDARD = c99;
				GCC_NO_COMMON_BLOCKS = YES;
				GCC_THUMB_SUPPORT = NO;
				GCC_VERSION = "";
				GCC_WARN_64_TO_32_BIT_CONVERSION = YES;
				GCC_WARN_ABOUT_RETURN_TYPE = YES;
				GCC_WARN_UNDECLARED_SELECTOR = YES;
				GCC_WARN_UNINITIALIZED_AUTOS = YES;
				GCC_WARN_UNUSED_FUNCTION = YES;
				GCC_WARN_UNUSED_VARIABLE = YES;
				ONLY_ACTIVE_ARCH = YES;
				SDKROOT = iphoneos;
				SKIP_INSTALL = NO;
				WK_WEB_VIEW_ONLY = 1;
				TARGETED_DEVICE_FAMILY = "1,2";
				IPHONEOS_DEPLOYMENT_TARGET = 11.0;
				SWIFT_OBJC_BRIDGING_HEADER = "$(PROJECT_DIR)/$(PROJECT_NAME)/Bridging-Header.h";
				ALWAYS_EMBED_SWIFT_STANDARD_LIBRARIES = YES;
				SWIFT_VERSION = 4.0;
				SWIFT_OPTIMIZATION_LEVEL = "-Onone";
			};
			name = Debug;
		};
		C01FCF5008A954540054247B /* Release */ = {
			isa = XCBuildConfiguration;
			baseConfigurationReference = 3047A5111AB8059700498E2A /* build.xcconfig */;
			buildSettings = {
				CLANG_ANALYZER_LOCALIZABILITY_NONLOCALIZED = YES;
				CLANG_ENABLE_MODULES = YES;
				CLANG_ENABLE_OBJC_ARC = YES;
				CLANG_WARN_BLOCK_CAPTURE_AUTORELEASING = YES;
				CLANG_WARN_BOOL_CONVERSION = YES;
				CLANG_WARN_COMMA = YES;
				CLANG_WARN_CONSTANT_CONVERSION = YES;
				CLANG_WARN_DEPRECATED_OBJC_IMPLEMENTATIONS = YES;
				CLANG_WARN_EMPTY_BODY = YES;
				CLANG_WARN_ENUM_CONVERSION = YES;
				CLANG_WARN_INFINITE_RECURSION = YES;
				CLANG_WARN_INT_CONVERSION = YES;
				CLANG_WARN_NON_LITERAL_NULL_CONVERSION = YES;
				CLANG_WARN_OBJC_IMPLICIT_RETAIN_SELF = YES;
				CLANG_WARN_OBJC_LITERAL_CONVERSION = YES;
				CLANG_WARN_RANGE_LOOP_ANALYSIS = YES;
				CLANG_WARN_STRICT_PROTOTYPES = YES;
				CLANG_WARN_SUSPICIOUS_MOVE = YES;
				CLANG_WARN_UNREACHABLE_CODE = YES;
				CLANG_WARN__DUPLICATE_METHOD_MATCH = YES;
				ENABLE_STRICT_OBJC_MSGSEND = YES;
				GCC_C_LANGUAGE_STANDARD = c99;
				GCC_NO_COMMON_BLOCKS = YES;
				GCC_THUMB_SUPPORT = NO;
				GCC_VERSION = "";
				GCC_WARN_64_TO_32_BIT_CONVERSION = YES;
				GCC_WARN_ABOUT_RETURN_TYPE = YES;
				GCC_WARN_UNDECLARED_SELECTOR = YES;
				GCC_WARN_UNINITIALIZED_AUTOS = YES;
				GCC_WARN_UNUSED_FUNCTION = YES;
				GCC_WARN_UNUSED_VARIABLE = YES;
				SDKROOT = iphoneos;
				SKIP_INSTALL = NO;
				WK_WEB_VIEW_ONLY = 1;
				TARGETED_DEVICE_FAMILY = "1,2";
				IPHONEOS_DEPLOYMENT_TARGET = 11.0;
				SWIFT_OBJC_BRIDGING_HEADER = "$(PROJECT_DIR)/$(PROJECT_NAME)/Bridging-Header.h";
				ALWAYS_EMBED_SWIFT_STANDARD_LIBRARIES = YES;
				SWIFT_VERSION = 4.0;
			};
			name = Release;
		};
/* End XCBuildConfiguration section */

/* Begin XCConfigurationList section */
		1D6058960D05DD3E006BFB54 /* Build configuration list for PBXNativeTarget "Moodle" */ = {
			isa = XCConfigurationList;
			buildConfigurations = (
				1D6058940D05DD3E006BFB54 /* Debug */,
				1D6058950D05DD3E006BFB54 /* Release */,
			);
			defaultConfigurationIsVisible = 0;
			defaultConfigurationName = Release;
		};
		C01FCF4E08A954540054247B /* Build configuration list for PBXProject "Moodle" */ = {
			isa = XCConfigurationList;
			buildConfigurations = (
				C01FCF4F08A954540054247B /* Debug */,
				C01FCF5008A954540054247B /* Release */,
			);
			defaultConfigurationIsVisible = 0;
			defaultConfigurationName = Release;
		};
/* End XCConfigurationList section */
	};
	rootObject = 29B97313FDCFA39411CA2CEA /* Project object */;
}
